// !$*UTF8*$!
{
	archiveVersion = 1;
	classes = {
	};
	objectVersion = 46;
	objects = {

/* Begin PBXBuildFile section */
		290C0F751404842400D43E0C /* FLLoginViewController.m in Sources */ = {isa = PBXBuildFile; fileRef = 290C0F731404842400D43E0C /* FLLoginViewController.m */; };
		290C0F761404842400D43E0C /* FLLoginViewController_iPad.xib in Resources */ = {isa = PBXBuildFile; fileRef = 290C0F741404842400D43E0C /* FLLoginViewController_iPad.xib */; };
		290C0F79140487CD00D43E0C /* FLLoginViewController_iPhone.xib in Resources */ = {isa = PBXBuildFile; fileRef = 290C0F77140487CD00D43E0C /* FLLoginViewController_iPhone.xib */; };
		291A9B491400A43D001A299B /* i_heart_fetlife_57.png in Resources */ = {isa = PBXBuildFile; fileRef = 291A9B481400A43D001A299B /* i_heart_fetlife_57.png */; };
		291A9B4B1400A510001A299B /* i_heart_fetlife_114.png in Resources */ = {isa = PBXBuildFile; fileRef = 291A9B4A1400A510001A299B /* i_heart_fetlife_114.png */; };
		2964BF7814073D47003AAB45 /* Settings.bundle in Resources */ = {isa = PBXBuildFile; fileRef = 2964BF7714073D47003AAB45 /* Settings.bundle */; };
		29AEE42B140036AE00730510 /* UIKit.framework in Frameworks */ = {isa = PBXBuildFile; fileRef = 29AEE42A140036AE00730510 /* UIKit.framework */; };
		29AEE42D140036AE00730510 /* Foundation.framework in Frameworks */ = {isa = PBXBuildFile; fileRef = 29AEE42C140036AE00730510 /* Foundation.framework */; };
		29AEE42F140036AE00730510 /* CoreData.framework in Frameworks */ = {isa = PBXBuildFile; fileRef = 29AEE42E140036AE00730510 /* CoreData.framework */; };
		29AEE435140036AE00730510 /* InfoPlist.strings in Resources */ = {isa = PBXBuildFile; fileRef = 29AEE433140036AE00730510 /* InfoPlist.strings */; };
		29AEE437140036AE00730510 /* main.m in Sources */ = {isa = PBXBuildFile; fileRef = 29AEE436140036AE00730510 /* main.m */; };
		29AEE43B140036AE00730510 /* FLAppDelegate.m in Sources */ = {isa = PBXBuildFile; fileRef = 29AEE43A140036AE00730510 /* FLAppDelegate.m */; };
		29AEE43E140036AE00730510 /* FetLife.xcdatamodeld in Sources */ = {isa = PBXBuildFile; fileRef = 29AEE43C140036AE00730510 /* FetLife.xcdatamodeld */; };
		29AEE441140036AE00730510 /* FLMasterViewController.m in Sources */ = {isa = PBXBuildFile; fileRef = 29AEE440140036AE00730510 /* FLMasterViewController.m */; };
		29AEE444140036AE00730510 /* FLDetailViewController.m in Sources */ = {isa = PBXBuildFile; fileRef = 29AEE443140036AE00730510 /* FLDetailViewController.m */; };
		29AEE447140036AE00730510 /* FLMasterViewController_iPhone.xib in Resources */ = {isa = PBXBuildFile; fileRef = 29AEE445140036AE00730510 /* FLMasterViewController_iPhone.xib */; };
		29AEE44A140036AE00730510 /* FLMasterViewController_iPad.xib in Resources */ = {isa = PBXBuildFile; fileRef = 29AEE448140036AE00730510 /* FLMasterViewController_iPad.xib */; };
		29AEE44D140036AE00730510 /* FLDetailViewController_iPhone.xib in Resources */ = {isa = PBXBuildFile; fileRef = 29AEE44B140036AE00730510 /* FLDetailViewController_iPhone.xib */; };
		29AEE450140036AE00730510 /* FLDetailViewController_iPad.xib in Resources */ = {isa = PBXBuildFile; fileRef = 29AEE44E140036AE00730510 /* FLDetailViewController_iPad.xib */; };
		29DC72C9140820750078A3D6 /* FLNetworkController.m in Sources */ = {isa = PBXBuildFile; fileRef = 29DC72C8140820750078A3D6 /* FLNetworkController.m */; };
		29EADCF4140C5DD300201D2F /* NSObject+SBJson.m in Sources */ = {isa = PBXBuildFile; fileRef = 29EADCDC140C5DD300201D2F /* NSObject+SBJson.m */; settings = {COMPILER_FLAGS = "-fno-objc-arc"; }; };
		29EADCF5140C5DD300201D2F /* SBJsonParser.m in Sources */ = {isa = PBXBuildFile; fileRef = 29EADCDF140C5DD300201D2F /* SBJsonParser.m */; settings = {COMPILER_FLAGS = "-fno-objc-arc"; }; };
		29EADCF6140C5DD300201D2F /* SBJsonStreamParser.m in Sources */ = {isa = PBXBuildFile; fileRef = 29EADCE1140C5DD300201D2F /* SBJsonStreamParser.m */; settings = {COMPILER_FLAGS = "-fno-objc-arc"; }; };
		29EADCF7140C5DD300201D2F /* SBJsonStreamParserAccumulator.m in Sources */ = {isa = PBXBuildFile; fileRef = 29EADCE3140C5DD300201D2F /* SBJsonStreamParserAccumulator.m */; settings = {COMPILER_FLAGS = "-fno-objc-arc"; }; };
		29EADCF8140C5DD300201D2F /* SBJsonStreamParserAdapter.m in Sources */ = {isa = PBXBuildFile; fileRef = 29EADCE5140C5DD300201D2F /* SBJsonStreamParserAdapter.m */; settings = {COMPILER_FLAGS = "-fno-objc-arc"; }; };
		29EADCF9140C5DD300201D2F /* SBJsonStreamParserState.m in Sources */ = {isa = PBXBuildFile; fileRef = 29EADCE7140C5DD300201D2F /* SBJsonStreamParserState.m */; settings = {COMPILER_FLAGS = "-fno-objc-arc"; }; };
		29EADCFA140C5DD300201D2F /* SBJsonStreamWriter.m in Sources */ = {isa = PBXBuildFile; fileRef = 29EADCE9140C5DD300201D2F /* SBJsonStreamWriter.m */; settings = {COMPILER_FLAGS = "-fno-objc-arc"; }; };
		29EADCFB140C5DD300201D2F /* SBJsonStreamWriterAccumulator.m in Sources */ = {isa = PBXBuildFile; fileRef = 29EADCEB140C5DD300201D2F /* SBJsonStreamWriterAccumulator.m */; settings = {COMPILER_FLAGS = "-fno-objc-arc"; }; };
		29EADCFC140C5DD300201D2F /* SBJsonStreamWriterState.m in Sources */ = {isa = PBXBuildFile; fileRef = 29EADCED140C5DD300201D2F /* SBJsonStreamWriterState.m */; settings = {COMPILER_FLAGS = "-fno-objc-arc"; }; };
		29EADCFD140C5DD300201D2F /* SBJsonTokeniser.m in Sources */ = {isa = PBXBuildFile; fileRef = 29EADCEF140C5DD300201D2F /* SBJsonTokeniser.m */; settings = {COMPILER_FLAGS = "-fno-objc-arc"; }; };
		29EADCFE140C5DD300201D2F /* SBJsonUTF8Stream.m in Sources */ = {isa = PBXBuildFile; fileRef = 29EADCF1140C5DD300201D2F /* SBJsonUTF8Stream.m */; settings = {COMPILER_FLAGS = "-fno-objc-arc"; }; };
		29EADCFF140C5DD300201D2F /* SBJsonWriter.m in Sources */ = {isa = PBXBuildFile; fileRef = 29EADCF3140C5DD300201D2F /* SBJsonWriter.m */; settings = {COMPILER_FLAGS = "-fno-objc-arc"; }; };
/* End PBXBuildFile section */

/* Begin PBXFileReference section */
		290C0F721404842400D43E0C /* FLLoginViewController.h */ = {isa = PBXFileReference; fileEncoding = 4; lastKnownFileType = sourcecode.c.h; path = FLLoginViewController.h; sourceTree = "<group>"; };
		290C0F731404842400D43E0C /* FLLoginViewController.m */ = {isa = PBXFileReference; fileEncoding = 4; lastKnownFileType = sourcecode.c.objc; path = FLLoginViewController.m; sourceTree = "<group>"; };
		290C0F741404842400D43E0C /* FLLoginViewController_iPad.xib */ = {isa = PBXFileReference; fileEncoding = 4; lastKnownFileType = file.xib; path = FLLoginViewController_iPad.xib; sourceTree = "<group>"; };
		290C0F78140487CD00D43E0C /* en */ = {isa = PBXFileReference; lastKnownFileType = file.xib; name = en; path = en.lproj/FLLoginViewController_iPhone.xib; sourceTree = "<group>"; };
		291A9B461400962F001A299B /* FetLife.entitlements */ = {isa = PBXFileReference; lastKnownFileType = text.xml; path = FetLife.entitlements; sourceTree = "<group>"; };
		291A9B481400A43D001A299B /* i_heart_fetlife_57.png */ = {isa = PBXFileReference; lastKnownFileType = image.png; path = i_heart_fetlife_57.png; sourceTree = "<group>"; };
		291A9B4A1400A510001A299B /* i_heart_fetlife_114.png */ = {isa = PBXFileReference; lastKnownFileType = image.png; path = i_heart_fetlife_114.png; sourceTree = "<group>"; };
		2964BF7714073D47003AAB45 /* Settings.bundle */ = {isa = PBXFileReference; lastKnownFileType = "wrapper.plug-in"; path = Settings.bundle; sourceTree = "<group>"; };
		29AEE426140036AE00730510 /* FetLife.app */ = {isa = PBXFileReference; explicitFileType = wrapper.application; includeInIndex = 0; path = FetLife.app; sourceTree = BUILT_PRODUCTS_DIR; };
		29AEE42A140036AE00730510 /* UIKit.framework */ = {isa = PBXFileReference; lastKnownFileType = wrapper.framework; name = UIKit.framework; path = System/Library/Frameworks/UIKit.framework; sourceTree = SDKROOT; };
		29AEE42C140036AE00730510 /* Foundation.framework */ = {isa = PBXFileReference; lastKnownFileType = wrapper.framework; name = Foundation.framework; path = System/Library/Frameworks/Foundation.framework; sourceTree = SDKROOT; };
		29AEE42E140036AE00730510 /* CoreData.framework */ = {isa = PBXFileReference; lastKnownFileType = wrapper.framework; name = CoreData.framework; path = System/Library/Frameworks/CoreData.framework; sourceTree = SDKROOT; };
		29AEE432140036AE00730510 /* FetLife-Info.plist */ = {isa = PBXFileReference; lastKnownFileType = text.plist.xml; path = "FetLife-Info.plist"; sourceTree = "<group>"; };
		29AEE434140036AE00730510 /* en */ = {isa = PBXFileReference; lastKnownFileType = text.plist.strings; name = en; path = en.lproj/InfoPlist.strings; sourceTree = "<group>"; };
		29AEE436140036AE00730510 /* main.m */ = {isa = PBXFileReference; lastKnownFileType = sourcecode.c.objc; path = main.m; sourceTree = "<group>"; };
		29AEE438140036AE00730510 /* FetLife-Prefix.pch */ = {isa = PBXFileReference; lastKnownFileType = sourcecode.c.h; path = "FetLife-Prefix.pch"; sourceTree = "<group>"; };
		29AEE439140036AE00730510 /* FLAppDelegate.h */ = {isa = PBXFileReference; lastKnownFileType = sourcecode.c.h; path = FLAppDelegate.h; sourceTree = "<group>"; };
		29AEE43A140036AE00730510 /* FLAppDelegate.m */ = {isa = PBXFileReference; lastKnownFileType = sourcecode.c.objc; path = FLAppDelegate.m; sourceTree = "<group>"; };
		29AEE43D140036AE00730510 /* FetLife.xcdatamodel */ = {isa = PBXFileReference; lastKnownFileType = wrapper.xcdatamodel; path = FetLife.xcdatamodel; sourceTree = "<group>"; };
		29AEE43F140036AE00730510 /* FLMasterViewController.h */ = {isa = PBXFileReference; lastKnownFileType = sourcecode.c.h; path = FLMasterViewController.h; sourceTree = "<group>"; };
		29AEE440140036AE00730510 /* FLMasterViewController.m */ = {isa = PBXFileReference; lastKnownFileType = sourcecode.c.objc; path = FLMasterViewController.m; sourceTree = "<group>"; };
		29AEE442140036AE00730510 /* FLDetailViewController.h */ = {isa = PBXFileReference; lastKnownFileType = sourcecode.c.h; path = FLDetailViewController.h; sourceTree = "<group>"; };
		29AEE443140036AE00730510 /* FLDetailViewController.m */ = {isa = PBXFileReference; lastKnownFileType = sourcecode.c.objc; path = FLDetailViewController.m; sourceTree = "<group>"; };
		29AEE446140036AE00730510 /* en */ = {isa = PBXFileReference; lastKnownFileType = file.xib; name = en; path = en.lproj/FLMasterViewController_iPhone.xib; sourceTree = "<group>"; };
		29AEE449140036AE00730510 /* en */ = {isa = PBXFileReference; lastKnownFileType = file.xib; name = en; path = en.lproj/FLMasterViewController_iPad.xib; sourceTree = "<group>"; };
		29AEE44C140036AE00730510 /* en */ = {isa = PBXFileReference; lastKnownFileType = file.xib; name = en; path = en.lproj/FLDetailViewController_iPhone.xib; sourceTree = "<group>"; };
		29AEE44F140036AE00730510 /* en */ = {isa = PBXFileReference; lastKnownFileType = file.xib; name = en; path = en.lproj/FLDetailViewController_iPad.xib; sourceTree = "<group>"; };
		29DC72C7140820750078A3D6 /* FLNetworkController.h */ = {isa = PBXFileReference; fileEncoding = 4; lastKnownFileType = sourcecode.c.h; path = FLNetworkController.h; sourceTree = "<group>"; };
		29DC72C8140820750078A3D6 /* FLNetworkController.m */ = {isa = PBXFileReference; fileEncoding = 4; lastKnownFileType = sourcecode.c.objc; path = FLNetworkController.m; sourceTree = "<group>"; };
		29EADCDB140C5DD300201D2F /* NSObject+SBJson.h */ = {isa = PBXFileReference; fileEncoding = 4; lastKnownFileType = sourcecode.c.h; path = "NSObject+SBJson.h"; sourceTree = "<group>"; };
		29EADCDC140C5DD300201D2F /* NSObject+SBJson.m */ = {isa = PBXFileReference; fileEncoding = 4; lastKnownFileType = sourcecode.c.objc; path = "NSObject+SBJson.m"; sourceTree = "<group>"; };
		29EADCDD140C5DD300201D2F /* SBJson.h */ = {isa = PBXFileReference; fileEncoding = 4; lastKnownFileType = sourcecode.c.h; path = SBJson.h; sourceTree = "<group>"; };
		29EADCDE140C5DD300201D2F /* SBJsonParser.h */ = {isa = PBXFileReference; fileEncoding = 4; lastKnownFileType = sourcecode.c.h; path = SBJsonParser.h; sourceTree = "<group>"; };
		29EADCDF140C5DD300201D2F /* SBJsonParser.m */ = {isa = PBXFileReference; fileEncoding = 4; lastKnownFileType = sourcecode.c.objc; path = SBJsonParser.m; sourceTree = "<group>"; };
		29EADCE0140C5DD300201D2F /* SBJsonStreamParser.h */ = {isa = PBXFileReference; fileEncoding = 4; lastKnownFileType = sourcecode.c.h; path = SBJsonStreamParser.h; sourceTree = "<group>"; };
		29EADCE1140C5DD300201D2F /* SBJsonStreamParser.m */ = {isa = PBXFileReference; fileEncoding = 4; lastKnownFileType = sourcecode.c.objc; path = SBJsonStreamParser.m; sourceTree = "<group>"; };
		29EADCE2140C5DD300201D2F /* SBJsonStreamParserAccumulator.h */ = {isa = PBXFileReference; fileEncoding = 4; lastKnownFileType = sourcecode.c.h; path = SBJsonStreamParserAccumulator.h; sourceTree = "<group>"; };
		29EADCE3140C5DD300201D2F /* SBJsonStreamParserAccumulator.m */ = {isa = PBXFileReference; fileEncoding = 4; lastKnownFileType = sourcecode.c.objc; path = SBJsonStreamParserAccumulator.m; sourceTree = "<group>"; };
		29EADCE4140C5DD300201D2F /* SBJsonStreamParserAdapter.h */ = {isa = PBXFileReference; fileEncoding = 4; lastKnownFileType = sourcecode.c.h; path = SBJsonStreamParserAdapter.h; sourceTree = "<group>"; };
		29EADCE5140C5DD300201D2F /* SBJsonStreamParserAdapter.m */ = {isa = PBXFileReference; fileEncoding = 4; lastKnownFileType = sourcecode.c.objc; path = SBJsonStreamParserAdapter.m; sourceTree = "<group>"; };
		29EADCE6140C5DD300201D2F /* SBJsonStreamParserState.h */ = {isa = PBXFileReference; fileEncoding = 4; lastKnownFileType = sourcecode.c.h; path = SBJsonStreamParserState.h; sourceTree = "<group>"; };
		29EADCE7140C5DD300201D2F /* SBJsonStreamParserState.m */ = {isa = PBXFileReference; fileEncoding = 4; lastKnownFileType = sourcecode.c.objc; path = SBJsonStreamParserState.m; sourceTree = "<group>"; };
		29EADCE8140C5DD300201D2F /* SBJsonStreamWriter.h */ = {isa = PBXFileReference; fileEncoding = 4; lastKnownFileType = sourcecode.c.h; path = SBJsonStreamWriter.h; sourceTree = "<group>"; };
		29EADCE9140C5DD300201D2F /* SBJsonStreamWriter.m */ = {isa = PBXFileReference; fileEncoding = 4; lastKnownFileType = sourcecode.c.objc; path = SBJsonStreamWriter.m; sourceTree = "<group>"; };
		29EADCEA140C5DD300201D2F /* SBJsonStreamWriterAccumulator.h */ = {isa = PBXFileReference; fileEncoding = 4; lastKnownFileType = sourcecode.c.h; path = SBJsonStreamWriterAccumulator.h; sourceTree = "<group>"; };
		29EADCEB140C5DD300201D2F /* SBJsonStreamWriterAccumulator.m */ = {isa = PBXFileReference; fileEncoding = 4; lastKnownFileType = sourcecode.c.objc; path = SBJsonStreamWriterAccumulator.m; sourceTree = "<group>"; };
		29EADCEC140C5DD300201D2F /* SBJsonStreamWriterState.h */ = {isa = PBXFileReference; fileEncoding = 4; lastKnownFileType = sourcecode.c.h; path = SBJsonStreamWriterState.h; sourceTree = "<group>"; };
		29EADCED140C5DD300201D2F /* SBJsonStreamWriterState.m */ = {isa = PBXFileReference; fileEncoding = 4; lastKnownFileType = sourcecode.c.objc; path = SBJsonStreamWriterState.m; sourceTree = "<group>"; };
		29EADCEE140C5DD300201D2F /* SBJsonTokeniser.h */ = {isa = PBXFileReference; fileEncoding = 4; lastKnownFileType = sourcecode.c.h; path = SBJsonTokeniser.h; sourceTree = "<group>"; };
		29EADCEF140C5DD300201D2F /* SBJsonTokeniser.m */ = {isa = PBXFileReference; fileEncoding = 4; lastKnownFileType = sourcecode.c.objc; path = SBJsonTokeniser.m; sourceTree = "<group>"; };
		29EADCF0140C5DD300201D2F /* SBJsonUTF8Stream.h */ = {isa = PBXFileReference; fileEncoding = 4; lastKnownFileType = sourcecode.c.h; path = SBJsonUTF8Stream.h; sourceTree = "<group>"; };
		29EADCF1140C5DD300201D2F /* SBJsonUTF8Stream.m */ = {isa = PBXFileReference; fileEncoding = 4; lastKnownFileType = sourcecode.c.objc; path = SBJsonUTF8Stream.m; sourceTree = "<group>"; };
		29EADCF2140C5DD300201D2F /* SBJsonWriter.h */ = {isa = PBXFileReference; fileEncoding = 4; lastKnownFileType = sourcecode.c.h; path = SBJsonWriter.h; sourceTree = "<group>"; };
		29EADCF3140C5DD300201D2F /* SBJsonWriter.m */ = {isa = PBXFileReference; fileEncoding = 4; lastKnownFileType = sourcecode.c.objc; path = SBJsonWriter.m; sourceTree = "<group>"; };
/* End PBXFileReference section */

/* Begin PBXFrameworksBuildPhase section */
		29AEE423140036AD00730510 /* Frameworks */ = {
			isa = PBXFrameworksBuildPhase;
			buildActionMask = 2147483647;
			files = (
				29AEE42B140036AE00730510 /* UIKit.framework in Frameworks */,
				29AEE42D140036AE00730510 /* Foundation.framework in Frameworks */,
				29AEE42F140036AE00730510 /* CoreData.framework in Frameworks */,
			);
			runOnlyForDeploymentPostprocessing = 0;
		};
/* End PBXFrameworksBuildPhase section */

/* Begin PBXGroup section */
		29AEE41B140036AD00730510 = {
			isa = PBXGroup;
			children = (
				29EADCDA140C5DA500201D2F /* SBJson */,
				291A9B4A1400A510001A299B /* i_heart_fetlife_114.png */,
				291A9B481400A43D001A299B /* i_heart_fetlife_57.png */,
				29AEE430140036AE00730510 /* FetLife */,
				29AEE429140036AE00730510 /* Frameworks */,
				29AEE427140036AE00730510 /* Products */,
			);
			sourceTree = "<group>";
		};
		29AEE427140036AE00730510 /* Products */ = {
			isa = PBXGroup;
			children = (
				29AEE426140036AE00730510 /* FetLife.app */,
			);
			name = Products;
			sourceTree = "<group>";
		};
		29AEE429140036AE00730510 /* Frameworks */ = {
			isa = PBXGroup;
			children = (
				29AEE42A140036AE00730510 /* UIKit.framework */,
				29AEE42C140036AE00730510 /* Foundation.framework */,
				29AEE42E140036AE00730510 /* CoreData.framework */,
			);
			name = Frameworks;
			sourceTree = "<group>";
		};
		29AEE430140036AE00730510 /* FetLife */ = {
			isa = PBXGroup;
			children = (
				290C0F721404842400D43E0C /* FLLoginViewController.h */,
				290C0F731404842400D43E0C /* FLLoginViewController.m */,
				291A9B461400962F001A299B /* FetLife.entitlements */,
				29AEE439140036AE00730510 /* FLAppDelegate.h */,
				29AEE43A140036AE00730510 /* FLAppDelegate.m */,
				29DC72C7140820750078A3D6 /* FLNetworkController.h */,
				29DC72C8140820750078A3D6 /* FLNetworkController.m */,
				2964BF7714073D47003AAB45 /* Settings.bundle */,
				29AEE43F140036AE00730510 /* FLMasterViewController.h */,
				29AEE440140036AE00730510 /* FLMasterViewController.m */,
				29AEE442140036AE00730510 /* FLDetailViewController.h */,
				29AEE443140036AE00730510 /* FLDetailViewController.m */,
				29AEE445140036AE00730510 /* FLMasterViewController_iPhone.xib */,
				29AEE448140036AE00730510 /* FLMasterViewController_iPad.xib */,
				29AEE44B140036AE00730510 /* FLDetailViewController_iPhone.xib */,
				29AEE44E140036AE00730510 /* FLDetailViewController_iPad.xib */,
				290C0F741404842400D43E0C /* FLLoginViewController_iPad.xib */,
				290C0F77140487CD00D43E0C /* FLLoginViewController_iPhone.xib */,
				29AEE43C140036AE00730510 /* FetLife.xcdatamodeld */,
				29AEE431140036AE00730510 /* Supporting Files */,
			);
			path = FetLife;
			sourceTree = "<group>";
		};
		29AEE431140036AE00730510 /* Supporting Files */ = {
			isa = PBXGroup;
			children = (
				29AEE432140036AE00730510 /* FetLife-Info.plist */,
				29AEE433140036AE00730510 /* InfoPlist.strings */,
				29AEE436140036AE00730510 /* main.m */,
				29AEE438140036AE00730510 /* FetLife-Prefix.pch */,
			);
			name = "Supporting Files";
			sourceTree = "<group>";
		};
		29EADCDA140C5DA500201D2F /* SBJson */ = {
			isa = PBXGroup;
			children = (
				29EADCDB140C5DD300201D2F /* NSObject+SBJson.h */,
				29EADCDC140C5DD300201D2F /* NSObject+SBJson.m */,
				29EADCDD140C5DD300201D2F /* SBJson.h */,
				29EADCDE140C5DD300201D2F /* SBJsonParser.h */,
				29EADCDF140C5DD300201D2F /* SBJsonParser.m */,
				29EADCE0140C5DD300201D2F /* SBJsonStreamParser.h */,
				29EADCE1140C5DD300201D2F /* SBJsonStreamParser.m */,
				29EADCE2140C5DD300201D2F /* SBJsonStreamParserAccumulator.h */,
				29EADCE3140C5DD300201D2F /* SBJsonStreamParserAccumulator.m */,
				29EADCE4140C5DD300201D2F /* SBJsonStreamParserAdapter.h */,
				29EADCE5140C5DD300201D2F /* SBJsonStreamParserAdapter.m */,
				29EADCE6140C5DD300201D2F /* SBJsonStreamParserState.h */,
				29EADCE7140C5DD300201D2F /* SBJsonStreamParserState.m */,
				29EADCE8140C5DD300201D2F /* SBJsonStreamWriter.h */,
				29EADCE9140C5DD300201D2F /* SBJsonStreamWriter.m */,
				29EADCEA140C5DD300201D2F /* SBJsonStreamWriterAccumulator.h */,
				29EADCEB140C5DD300201D2F /* SBJsonStreamWriterAccumulator.m */,
				29EADCEC140C5DD300201D2F /* SBJsonStreamWriterState.h */,
				29EADCED140C5DD300201D2F /* SBJsonStreamWriterState.m */,
				29EADCEE140C5DD300201D2F /* SBJsonTokeniser.h */,
				29EADCEF140C5DD300201D2F /* SBJsonTokeniser.m */,
				29EADCF0140C5DD300201D2F /* SBJsonUTF8Stream.h */,
				29EADCF1140C5DD300201D2F /* SBJsonUTF8Stream.m */,
				29EADCF2140C5DD300201D2F /* SBJsonWriter.h */,
				29EADCF3140C5DD300201D2F /* SBJsonWriter.m */,
			);
			name = SBJson;
			sourceTree = "<group>";
		};
/* End PBXGroup section */

/* Begin PBXNativeTarget section */
		29AEE425140036AD00730510 /* FetLife */ = {
			isa = PBXNativeTarget;
			buildConfigurationList = 29AEE453140036AE00730510 /* Build configuration list for PBXNativeTarget "FetLife" */;
			buildPhases = (
				29AEE422140036AD00730510 /* Sources */,
				29AEE423140036AD00730510 /* Frameworks */,
				29AEE424140036AD00730510 /* Resources */,
			);
			buildRules = (
			);
			dependencies = (
			);
			name = FetLife;
			productName = FetLife;
			productReference = 29AEE426140036AE00730510 /* FetLife.app */;
			productType = "com.apple.product-type.application";
		};
/* End PBXNativeTarget section */

/* Begin PBXProject section */
		29AEE41D140036AD00730510 /* Project object */ = {
			isa = PBXProject;
			attributes = {
				LastUpgradeCheck = 0420;
				ORGANIZATIONNAME = KB1IBT.com;
			};
			buildConfigurationList = 29AEE420140036AD00730510 /* Build configuration list for PBXProject "FetLife" */;
			compatibilityVersion = "Xcode 3.2";
			developmentRegion = English;
			hasScannedForEncodings = 0;
			knownRegions = (
				en,
			);
			mainGroup = 29AEE41B140036AD00730510;
			productRefGroup = 29AEE427140036AE00730510 /* Products */;
			projectDirPath = "";
			projectRoot = "";
			targets = (
				29AEE425140036AD00730510 /* FetLife */,
			);
		};
/* End PBXProject section */

/* Begin PBXResourcesBuildPhase section */
		29AEE424140036AD00730510 /* Resources */ = {
			isa = PBXResourcesBuildPhase;
			buildActionMask = 2147483647;
			files = (
				29AEE435140036AE00730510 /* InfoPlist.strings in Resources */,
				29AEE447140036AE00730510 /* FLMasterViewController_iPhone.xib in Resources */,
				29AEE44A140036AE00730510 /* FLMasterViewController_iPad.xib in Resources */,
				29AEE44D140036AE00730510 /* FLDetailViewController_iPhone.xib in Resources */,
				29AEE450140036AE00730510 /* FLDetailViewController_iPad.xib in Resources */,
				291A9B491400A43D001A299B /* i_heart_fetlife_57.png in Resources */,
				291A9B4B1400A510001A299B /* i_heart_fetlife_114.png in Resources */,
				290C0F761404842400D43E0C /* FLLoginViewController_iPad.xib in Resources */,
				290C0F79140487CD00D43E0C /* FLLoginViewController_iPhone.xib in Resources */,
				2964BF7814073D47003AAB45 /* Settings.bundle in Resources */,
			);
			runOnlyForDeploymentPostprocessing = 0;
		};
/* End PBXResourcesBuildPhase section */

/* Begin PBXSourcesBuildPhase section */
		29AEE422140036AD00730510 /* Sources */ = {
			isa = PBXSourcesBuildPhase;
			buildActionMask = 2147483647;
			files = (
				29AEE437140036AE00730510 /* main.m in Sources */,
				29AEE43B140036AE00730510 /* FLAppDelegate.m in Sources */,
				29AEE43E140036AE00730510 /* FetLife.xcdatamodeld in Sources */,
				29AEE441140036AE00730510 /* FLMasterViewController.m in Sources */,
				29AEE444140036AE00730510 /* FLDetailViewController.m in Sources */,
				290C0F751404842400D43E0C /* FLLoginViewController.m in Sources */,
				29DC72C9140820750078A3D6 /* FLNetworkController.m in Sources */,
				29EADCF4140C5DD300201D2F /* NSObject+SBJson.m in Sources */,
				29EADCF5140C5DD300201D2F /* SBJsonParser.m in Sources */,
				29EADCF6140C5DD300201D2F /* SBJsonStreamParser.m in Sources */,
				29EADCF7140C5DD300201D2F /* SBJsonStreamParserAccumulator.m in Sources */,
				29EADCF8140C5DD300201D2F /* SBJsonStreamParserAdapter.m in Sources */,
				29EADCF9140C5DD300201D2F /* SBJsonStreamParserState.m in Sources */,
				29EADCFA140C5DD300201D2F /* SBJsonStreamWriter.m in Sources */,
				29EADCFB140C5DD300201D2F /* SBJsonStreamWriterAccumulator.m in Sources */,
				29EADCFC140C5DD300201D2F /* SBJsonStreamWriterState.m in Sources */,
				29EADCFD140C5DD300201D2F /* SBJsonTokeniser.m in Sources */,
				29EADCFE140C5DD300201D2F /* SBJsonUTF8Stream.m in Sources */,
				29EADCFF140C5DD300201D2F /* SBJsonWriter.m in Sources */,
			);
			runOnlyForDeploymentPostprocessing = 0;
		};
/* End PBXSourcesBuildPhase section */

/* Begin PBXVariantGroup section */
		290C0F77140487CD00D43E0C /* FLLoginViewController_iPhone.xib */ = {
			isa = PBXVariantGroup;
			children = (
				290C0F78140487CD00D43E0C /* en */,
			);
			name = FLLoginViewController_iPhone.xib;
			sourceTree = "<group>";
		};
		29AEE433140036AE00730510 /* InfoPlist.strings */ = {
			isa = PBXVariantGroup;
			children = (
				29AEE434140036AE00730510 /* en */,
			);
			name = InfoPlist.strings;
			sourceTree = "<group>";
		};
		29AEE445140036AE00730510 /* FLMasterViewController_iPhone.xib */ = {
			isa = PBXVariantGroup;
			children = (
				29AEE446140036AE00730510 /* en */,
			);
			name = FLMasterViewController_iPhone.xib;
			sourceTree = "<group>";
		};
		29AEE448140036AE00730510 /* FLMasterViewController_iPad.xib */ = {
			isa = PBXVariantGroup;
			children = (
				29AEE449140036AE00730510 /* en */,
			);
			name = FLMasterViewController_iPad.xib;
			sourceTree = "<group>";
		};
		29AEE44B140036AE00730510 /* FLDetailViewController_iPhone.xib */ = {
			isa = PBXVariantGroup;
			children = (
				29AEE44C140036AE00730510 /* en */,
			);
			name = FLDetailViewController_iPhone.xib;
			sourceTree = "<group>";
		};
		29AEE44E140036AE00730510 /* FLDetailViewController_iPad.xib */ = {
			isa = PBXVariantGroup;
			children = (
				29AEE44F140036AE00730510 /* en */,
			);
			name = FLDetailViewController_iPad.xib;
			sourceTree = "<group>";
		};
/* End PBXVariantGroup section */

/* Begin XCBuildConfiguration section */
		29AEE451140036AE00730510 /* Debug */ = {
			isa = XCBuildConfiguration;
			buildSettings = {
				ALWAYS_SEARCH_USER_PATHS = NO;
				ARCHS = "$(ARCHS_STANDARD_32_BIT)";
				CLANG_ENABLE_OBJC_ARC = YES;
				"CODE_SIGN_IDENTITY[sdk=iphoneos*]" = "iPhone Developer";
				COPY_PHASE_STRIP = NO;
				GCC_C_LANGUAGE_STANDARD = gnu99;
				GCC_DYNAMIC_NO_PIC = NO;
				GCC_OPTIMIZATION_LEVEL = 0;
				GCC_PREPROCESSOR_DEFINITIONS = (
					"DEBUG=1",
					"$(inherited)",
				);
				GCC_SYMBOLS_PRIVATE_EXTERN = NO;
				GCC_VERSION = com.apple.compilers.llvm.clang.1_0;
				GCC_WARN_ABOUT_MISSING_PROTOTYPES = YES;
				GCC_WARN_ABOUT_RETURN_TYPE = YES;
				GCC_WARN_UNUSED_VARIABLE = YES;
				IPHONEOS_DEPLOYMENT_TARGET = 5.0;
				SDKROOT = iphoneos;
				TARGETED_DEVICE_FAMILY = "1,2";
			};
			name = Debug;
		};
		29AEE452140036AE00730510 /* Release */ = {
			isa = XCBuildConfiguration;
			buildSettings = {
				ALWAYS_SEARCH_USER_PATHS = NO;
				ARCHS = "$(ARCHS_STANDARD_32_BIT)";
				CLANG_ENABLE_OBJC_ARC = YES;
				"CODE_SIGN_IDENTITY[sdk=iphoneos*]" = "iPhone Developer";
				COPY_PHASE_STRIP = YES;
				GCC_C_LANGUAGE_STANDARD = gnu99;
				GCC_VERSION = com.apple.compilers.llvm.clang.1_0;
				GCC_WARN_ABOUT_MISSING_PROTOTYPES = YES;
				GCC_WARN_ABOUT_RETURN_TYPE = YES;
				GCC_WARN_UNUSED_VARIABLE = YES;
				IPHONEOS_DEPLOYMENT_TARGET = 5.0;
				OTHER_CFLAGS = "-DNS_BLOCK_ASSERTIONS=1";
				SDKROOT = iphoneos;
				TARGETED_DEVICE_FAMILY = "1,2";
				VALIDATE_PRODUCT = YES;
			};
			name = Release;
		};
		29AEE454140036AE00730510 /* Debug */ = {
			isa = XCBuildConfiguration;
			buildSettings = {
				ALWAYS_SEARCH_USER_PATHS = YES;
				CLANG_ARC_MIGRATION = precheck;
				CLANG_ENABLE_OBJC_ARC = YES;
				CLANG_WARN_OBJCPP_ARC_ABI = YES;
				CODE_SIGN_ENTITLEMENTS = FetLife/FetLife.entitlements;
				GCC_PRECOMPILE_PREFIX_HEADER = YES;
				GCC_PREFIX_HEADER = "FetLife/FetLife-Prefix.pch";
				GCC_WARN_UNINITIALIZED_AUTOS = YES;
				HEADER_SEARCH_PATHS = "";
				INFOPLIST_FILE = "FetLife/FetLife-Info.plist";
				IPHONEOS_DEPLOYMENT_TARGET = 5.0;
				OTHER_LDFLAGS = "";
				OTHER_TEST_FLAGS = "-all_load";
				PRODUCT_NAME = "$(TARGET_NAME)";
				SCAN_ALL_SOURCE_FILES_FOR_INCLUDES = YES;
				WRAPPER_EXTENSION = app;
			};
			name = Debug;
		};
		29AEE455140036AE00730510 /* Release */ = {
			isa = XCBuildConfiguration;
			buildSettings = {
				ALWAYS_SEARCH_USER_PATHS = YES;
				CLANG_ARC_MIGRATION = precheck;
				CLANG_ENABLE_OBJC_ARC = YES;
				CLANG_WARN_OBJCPP_ARC_ABI = YES;
				CODE_SIGN_ENTITLEMENTS = FetLife/FetLife.entitlements;
				GCC_PRECOMPILE_PREFIX_HEADER = YES;
				GCC_PREFIX_HEADER = "FetLife/FetLife-Prefix.pch";
				GCC_WARN_UNINITIALIZED_AUTOS = YES;
				HEADER_SEARCH_PATHS = "";
				INFOPLIST_FILE = "FetLife/FetLife-Info.plist";
				IPHONEOS_DEPLOYMENT_TARGET = 5.0;
				OTHER_LDFLAGS = "";
				OTHER_TEST_FLAGS = "-all_load";
				PRODUCT_NAME = "$(TARGET_NAME)";
				SCAN_ALL_SOURCE_FILES_FOR_INCLUDES = YES;
				WRAPPER_EXTENSION = app;
			};
			name = Release;
		};
/* End XCBuildConfiguration section */

/* Begin XCConfigurationList section */
		29AEE420140036AD00730510 /* Build configuration list for PBXProject "FetLife" */ = {
			isa = XCConfigurationList;
			buildConfigurations = (
				29AEE451140036AE00730510 /* Debug */,
				29AEE452140036AE00730510 /* Release */,
			);
			defaultConfigurationIsVisible = 0;
			defaultConfigurationName = Release;
		};
		29AEE453140036AE00730510 /* Build configuration list for PBXNativeTarget "FetLife" */ = {
			isa = XCConfigurationList;
			buildConfigurations = (
				29AEE454140036AE00730510 /* Debug */,
				29AEE455140036AE00730510 /* Release */,
			);
			defaultConfigurationIsVisible = 0;
			defaultConfigurationName = Release;
		};
/* End XCConfigurationList section */

/* Begin XCVersionGroup section */
		29AEE43C140036AE00730510 /* FetLife.xcdatamodeld */ = {
			isa = XCVersionGroup;
			children = (
				29AEE43D140036AE00730510 /* FetLife.xcdatamodel */,
			);
			currentVersion = 29AEE43D140036AE00730510 /* FetLife.xcdatamodel */;
			path = FetLife.xcdatamodeld;
			sourceTree = "<group>";
			versionGroupType = wrapper.xcdatamodel;
		};
/* End XCVersionGroup section */
	};
	rootObject = 29AEE41D140036AD00730510 /* Project object */;
}
