// !$*UTF8*$!
{
	archiveVersion = 1;
	classes = {
	};
	objectVersion = 46;
	objects = {

/* Begin PBXBuildFile section */
		2912B0901509C46300B15EE3 /* CFNetwork.framework in Frameworks */ = {isa = PBXBuildFile; fileRef = 2912B08B1509C46300B15EE3 /* CFNetwork.framework */; };
		2912B0911509C46300B15EE3 /* libxml2.dylib in Frameworks */ = {isa = PBXBuildFile; fileRef = 2912B08C1509C46300B15EE3 /* libxml2.dylib */; };
		2912B0921509C46300B15EE3 /* MobileCoreServices.framework in Frameworks */ = {isa = PBXBuildFile; fileRef = 2912B08D1509C46300B15EE3 /* MobileCoreServices.framework */; };
		2912B0931509C46300B15EE3 /* Security.framework in Frameworks */ = {isa = PBXBuildFile; fileRef = 2912B08E1509C46300B15EE3 /* Security.framework */; };
		2912B0941509C46300B15EE3 /* SystemConfiguration.framework in Frameworks */ = {isa = PBXBuildFile; fileRef = 2912B08F1509C46300B15EE3 /* SystemConfiguration.framework */; };
		291A9B491400A43D001A299B /* i_heart_fetlife_57.png in Resources */ = {isa = PBXBuildFile; fileRef = 291A9B481400A43D001A299B /* i_heart_fetlife_57.png */; };
		291A9B4B1400A510001A299B /* i_heart_fetlife_114.png in Resources */ = {isa = PBXBuildFile; fileRef = 291A9B4A1400A510001A299B /* i_heart_fetlife_114.png */; };
		29580EC7155CA5B100431E20 /* libRestKit.a in Frameworks */ = {isa = PBXBuildFile; fileRef = 29A78883155CA1FD00E820E7 /* libRestKit.a */; };
		29580ED2155CB05200431E20 /* HTMLNode.m in Sources */ = {isa = PBXBuildFile; fileRef = 29580ECF155CB05200431E20 /* HTMLNode.m */; };
		29580ED3155CB05200431E20 /* HTMLParser.m in Sources */ = {isa = PBXBuildFile; fileRef = 29580ED1155CB05200431E20 /* HTMLParser.m */; };
		29580ED5155CB19C00431E20 /* CoreGraphics.framework in Frameworks */ = {isa = PBXBuildFile; fileRef = 29580ED4155CB19C00431E20 /* CoreGraphics.framework */; };
		29580ED6155CB20B00431E20 /* QuartzCore.framework in Frameworks */ = {isa = PBXBuildFile; fileRef = 2916B0C2153FB9A20050618F /* QuartzCore.framework */; };
		2964BF7814073D47003AAB45 /* Settings.bundle in Resources */ = {isa = PBXBuildFile; fileRef = 2964BF7714073D47003AAB45 /* Settings.bundle */; };
		299B7CEB156C810800A93ABF /* FLMessages.m in Sources */ = {isa = PBXBuildFile; fileRef = 299B7CEA156C810800A93ABF /* FLMessages.m */; };
		299B7CEE156C810A00A93ABF /* FLConversations.m in Sources */ = {isa = PBXBuildFile; fileRef = 299B7CED156C810900A93ABF /* FLConversations.m */; };
		299B7CF1156C810A00A93ABF /* FLUsers.m in Sources */ = {isa = PBXBuildFile; fileRef = 299B7CF0156C810A00A93ABF /* FLUsers.m */; };
		29AEE42B140036AE00730510 /* UIKit.framework in Frameworks */ = {isa = PBXBuildFile; fileRef = 29AEE42A140036AE00730510 /* UIKit.framework */; };
		29AEE42D140036AE00730510 /* Foundation.framework in Frameworks */ = {isa = PBXBuildFile; fileRef = 29AEE42C140036AE00730510 /* Foundation.framework */; };
		29AEE42F140036AE00730510 /* CoreData.framework in Frameworks */ = {isa = PBXBuildFile; fileRef = 29AEE42E140036AE00730510 /* CoreData.framework */; };
		29AEE435140036AE00730510 /* InfoPlist.strings in Resources */ = {isa = PBXBuildFile; fileRef = 29AEE433140036AE00730510 /* InfoPlist.strings */; };
		29AEE437140036AE00730510 /* main.m in Sources */ = {isa = PBXBuildFile; fileRef = 29AEE436140036AE00730510 /* main.m */; };
		29AEE43B140036AE00730510 /* FLAppDelegate.m in Sources */ = {isa = PBXBuildFile; fileRef = 29AEE43A140036AE00730510 /* FLAppDelegate.m */; };
		29AEE43E140036AE00730510 /* FetLife.xcdatamodeld in Sources */ = {isa = PBXBuildFile; fileRef = 29AEE43C140036AE00730510 /* FetLife.xcdatamodeld */; };
		29AEE441140036AE00730510 /* FLMasterViewController.m in Sources */ = {isa = PBXBuildFile; fileRef = 29AEE440140036AE00730510 /* FLMasterViewController.m */; };
		29AEE444140036AE00730510 /* FLDetailViewController.m in Sources */ = {isa = PBXBuildFile; fileRef = 29AEE443140036AE00730510 /* FLDetailViewController.m */; };
		29AEE447140036AE00730510 /* FLMasterViewController_iPhone.xib in Resources */ = {isa = PBXBuildFile; fileRef = 29AEE445140036AE00730510 /* FLMasterViewController_iPhone.xib */; };
		29AEE44A140036AE00730510 /* FLMasterViewController_iPad.xib in Resources */ = {isa = PBXBuildFile; fileRef = 29AEE448140036AE00730510 /* FLMasterViewController_iPad.xib */; };
		29AEE44D140036AE00730510 /* FLDetailViewController_iPhone.xib in Resources */ = {isa = PBXBuildFile; fileRef = 29AEE44B140036AE00730510 /* FLDetailViewController_iPhone.xib */; };
		29AEE450140036AE00730510 /* FLDetailViewController_iPad.xib in Resources */ = {isa = PBXBuildFile; fileRef = 29AEE44E140036AE00730510 /* FLDetailViewController_iPad.xib */; };
		29DC72C9140820750078A3D6 /* FLNetworkController.m in Sources */ = {isa = PBXBuildFile; fileRef = 29DC72C8140820750078A3D6 /* FLNetworkController.m */; };
		29E12A461564B18100EB5D8B /* FLMessagesTableViewController.m in Sources */ = {isa = PBXBuildFile; fileRef = 29E12A451564B18100EB5D8B /* FLMessagesTableViewController.m */; };
		29F55E3B15118EC400A70306 /* FLLoginViewController_iPhone.xib in Resources */ = {isa = PBXBuildFile; fileRef = 29F55E2E15118EC400A70306 /* FLLoginViewController_iPhone.xib */; };
		29F55E3F15118EC400A70306 /* FLLoginViewController_iPad.xib in Resources */ = {isa = PBXBuildFile; fileRef = 29F55E3615118EC400A70306 /* FLLoginViewController_iPad.xib */; };
		29F55E4015118EC400A70306 /* FLLoginViewController.m in Sources */ = {isa = PBXBuildFile; fileRef = 29F55E3815118EC400A70306 /* FLLoginViewController.m */; };
		3201088596B4756681693705 /* libThree20UICommon.a in Frameworks */ = {isa = PBXBuildFile; fileRef = 3201088596B4756681693704 /* libThree20UICommon.a */; };
		320A2827FEC940B25BC42C65 /* libThree20Core.a in Frameworks */ = {isa = PBXBuildFile; fileRef = 320A2827FEC940B25BC42C64 /* libThree20Core.a */; };
		320A5A189C235877202780D5 /* libThree20Network.a in Frameworks */ = {isa = PBXBuildFile; fileRef = 320A5A189C235877202780D4 /* libThree20Network.a */; };
		320A737074758E53BA54BE95 /* libThree20UINavigator.a in Frameworks */ = {isa = PBXBuildFile; fileRef = 320A737074758E53BA54BE94 /* libThree20UINavigator.a */; };
		320AF8492C47A4D819F7C451 /* QuartzCore.framework in Frameworks */ = {isa = PBXBuildFile; fileRef = 320AF8492C47A4D819F7C450 /* QuartzCore.framework */; };
		320B6C86F11D9990244A9731 /* Three20.bundle in Resources */ = {isa = PBXBuildFile; fileRef = 320B6C86F11D9990244A9730 /* Three20.bundle */; };
		320CC833B8AF0ACFD35E6225 /* libThree20Style.a in Frameworks */ = {isa = PBXBuildFile; fileRef = 320CC833B8AF0ACFD35E6224 /* libThree20Style.a */; };
		320D7DCCE32703ACAB9A45E5 /* libThree20.a in Frameworks */ = {isa = PBXBuildFile; fileRef = 320D7DCCE32703ACAB9A45E4 /* libThree20.a */; };
		320F2C48872C2E2C4DF86205 /* libThree20UI.a in Frameworks */ = {isa = PBXBuildFile; fileRef = 320F2C48872C2E2C4DF86204 /* libThree20UI.a */; };
/* End PBXBuildFile section */

/* Begin PBXContainerItemProxy section */
		29A78882155CA1FD00E820E7 /* PBXContainerItemProxy */ = {
			isa = PBXContainerItemProxy;
			containerPortal = 29E9AD19155B57F300EC722B /* RestKit.xcodeproj */;
			proxyType = 2;
			remoteGlobalIDString = 25160D1614564E810060A5C5;
			remoteInfo = RestKit;
		};
		29A78884155CA1FD00E820E7 /* PBXContainerItemProxy */ = {
			isa = PBXContainerItemProxy;
			containerPortal = 29E9AD19155B57F300EC722B /* RestKit.xcodeproj */;
			proxyType = 2;
			remoteGlobalIDString = 25160D2614564E820060A5C5;
			remoteInfo = RestKitTests;
		};
		29A78886155CA1FD00E820E7 /* PBXContainerItemProxy */ = {
			isa = PBXContainerItemProxy;
			containerPortal = 29E9AD19155B57F300EC722B /* RestKit.xcodeproj */;
			proxyType = 2;
			remoteGlobalIDString = 25160E62145651060060A5C5;
			remoteInfo = RestKitFramework;
		};
		29A78888155CA1FD00E820E7 /* PBXContainerItemProxy */ = {
			isa = PBXContainerItemProxy;
			containerPortal = 29E9AD19155B57F300EC722B /* RestKit.xcodeproj */;
			proxyType = 2;
			remoteGlobalIDString = 25160E78145651060060A5C5;
			remoteInfo = RestKitFrameworkTests;
		};
		29A7888A155CA1FD00E820E7 /* PBXContainerItemProxy */ = {
			isa = PBXContainerItemProxy;
			containerPortal = 29E9AD19155B57F300EC722B /* RestKit.xcodeproj */;
			proxyType = 2;
			remoteGlobalIDString = 259C301615128079003066A2;
			remoteInfo = RestKitResources;
		};
		29B4E24E156B3C74009D0558 /* PBXContainerItemProxy */ = {
			isa = PBXContainerItemProxy;
			containerPortal = 320D7DCCE32703ACAB9A45E0 /* Three20.xcodeproj */;
			proxyType = 2;
			remoteGlobalIDString = EB9E6C6210B6A8F800DE563C;
			remoteInfo = Three20UnitTests;
		};
		29B4E251156B3C74009D0558 /* PBXContainerItemProxy */ = {
			isa = PBXContainerItemProxy;
			containerPortal = 320A2827FEC940B25BC42C60 /* Three20Core.xcodeproj */;
			proxyType = 2;
			remoteGlobalIDString = EB9E6C6210B6A8F800DE563C;
			remoteInfo = Three20CoreUnitTests;
		};
		29B4E254156B3C74009D0558 /* PBXContainerItemProxy */ = {
			isa = PBXContainerItemProxy;
			containerPortal = 320A5A189C235877202780D0 /* Three20Network.xcodeproj */;
			proxyType = 2;
			remoteGlobalIDString = EB9E6C6210B6A8F800DE563C;
			remoteInfo = Three20NetworkUnitTests;
		};
		29B4E257156B3C74009D0558 /* PBXContainerItemProxy */ = {
			isa = PBXContainerItemProxy;
			containerPortal = 320CC833B8AF0ACFD35E6220 /* Three20Style.xcodeproj */;
			proxyType = 2;
			remoteGlobalIDString = EB9E6C6210B6A8F800DE563C;
			remoteInfo = Three20StyleUnitTests;
		};
		29B4E25A156B3C74009D0558 /* PBXContainerItemProxy */ = {
			isa = PBXContainerItemProxy;
			containerPortal = 320F2C48872C2E2C4DF86200 /* Three20UI.xcodeproj */;
			proxyType = 2;
			remoteGlobalIDString = EB9E6C6210B6A8F800DE563C;
			remoteInfo = Three20UIUnitTests;
		};
		29B4E25D156B3C74009D0558 /* PBXContainerItemProxy */ = {
			isa = PBXContainerItemProxy;
			containerPortal = 3201088596B4756681693700 /* Three20UICommon.xcodeproj */;
			proxyType = 2;
			remoteGlobalIDString = EB9E6C6210B6A8F800DE563C;
			remoteInfo = Three20UICommonUnitTests;
		};
		29B4E260156B3C74009D0558 /* PBXContainerItemProxy */ = {
			isa = PBXContainerItemProxy;
			containerPortal = 320A737074758E53BA54BE90 /* Three20UINavigator.xcodeproj */;
			proxyType = 2;
			remoteGlobalIDString = EB9E6C6210B6A8F800DE563C;
			remoteInfo = Three20UINavigatorUnitTests;
		};
		29E9AD2E155B580200EC722B /* PBXContainerItemProxy */ = {
			isa = PBXContainerItemProxy;
			containerPortal = 29E9AD19155B57F300EC722B /* RestKit.xcodeproj */;
			proxyType = 1;
			remoteGlobalIDString = 25160D1514564E810060A5C5;
			remoteInfo = RestKit;
		};
		3201088596B4756681693702 /* PBXContainerItemProxy */ = {
			isa = PBXContainerItemProxy;
			containerPortal = 3201088596B4756681693700 /* Three20UICommon.xcodeproj */;
			proxyType = 1;
			remoteGlobalIDString = BEF31F390F352DF5000DE5D2;
			remoteInfo = Three20UICommon;
		};
		3201088596B4756681693706 /* PBXContainerItemProxy */ = {
			isa = PBXContainerItemProxy;
			containerPortal = 3201088596B4756681693700 /* Three20UICommon.xcodeproj */;
			proxyType = 2;
			remoteGlobalIDString = BEF31F3A0F352DF5000DE5D2;
			remoteInfo = Three20UICommon;
		};
		320A2827FEC940B25BC42C62 /* PBXContainerItemProxy */ = {
			isa = PBXContainerItemProxy;
			containerPortal = 320A2827FEC940B25BC42C60 /* Three20Core.xcodeproj */;
			proxyType = 1;
			remoteGlobalIDString = BEF31F390F352DF5000DE5D2;
			remoteInfo = Three20Core;
		};
		320A2827FEC940B25BC42C66 /* PBXContainerItemProxy */ = {
			isa = PBXContainerItemProxy;
			containerPortal = 320A2827FEC940B25BC42C60 /* Three20Core.xcodeproj */;
			proxyType = 2;
			remoteGlobalIDString = BEF31F3A0F352DF5000DE5D2;
			remoteInfo = Three20Core;
		};
		320A5A189C235877202780D2 /* PBXContainerItemProxy */ = {
			isa = PBXContainerItemProxy;
			containerPortal = 320A5A189C235877202780D0 /* Three20Network.xcodeproj */;
			proxyType = 1;
			remoteGlobalIDString = BEF31F390F352DF5000DE5D2;
			remoteInfo = Three20Network;
		};
		320A5A189C235877202780D6 /* PBXContainerItemProxy */ = {
			isa = PBXContainerItemProxy;
			containerPortal = 320A5A189C235877202780D0 /* Three20Network.xcodeproj */;
			proxyType = 2;
			remoteGlobalIDString = BEF31F3A0F352DF5000DE5D2;
			remoteInfo = Three20Network;
		};
		320A737074758E53BA54BE92 /* PBXContainerItemProxy */ = {
			isa = PBXContainerItemProxy;
			containerPortal = 320A737074758E53BA54BE90 /* Three20UINavigator.xcodeproj */;
			proxyType = 1;
			remoteGlobalIDString = BEF31F390F352DF5000DE5D2;
			remoteInfo = Three20UINavigator;
		};
		320A737074758E53BA54BE96 /* PBXContainerItemProxy */ = {
			isa = PBXContainerItemProxy;
			containerPortal = 320A737074758E53BA54BE90 /* Three20UINavigator.xcodeproj */;
			proxyType = 2;
			remoteGlobalIDString = BEF31F3A0F352DF5000DE5D2;
			remoteInfo = Three20UINavigator;
		};
		320CC833B8AF0ACFD35E6222 /* PBXContainerItemProxy */ = {
			isa = PBXContainerItemProxy;
			containerPortal = 320CC833B8AF0ACFD35E6220 /* Three20Style.xcodeproj */;
			proxyType = 1;
			remoteGlobalIDString = BEF31F390F352DF5000DE5D2;
			remoteInfo = Three20Style;
		};
		320CC833B8AF0ACFD35E6226 /* PBXContainerItemProxy */ = {
			isa = PBXContainerItemProxy;
			containerPortal = 320CC833B8AF0ACFD35E6220 /* Three20Style.xcodeproj */;
			proxyType = 2;
			remoteGlobalIDString = BEF31F3A0F352DF5000DE5D2;
			remoteInfo = Three20Style;
		};
		320D7DCCE32703ACAB9A45E2 /* PBXContainerItemProxy */ = {
			isa = PBXContainerItemProxy;
			containerPortal = 320D7DCCE32703ACAB9A45E0 /* Three20.xcodeproj */;
			proxyType = 1;
			remoteGlobalIDString = BEF31F390F352DF5000DE5D2;
			remoteInfo = Three20;
		};
		320D7DCCE32703ACAB9A45E6 /* PBXContainerItemProxy */ = {
			isa = PBXContainerItemProxy;
			containerPortal = 320D7DCCE32703ACAB9A45E0 /* Three20.xcodeproj */;
			proxyType = 2;
			remoteGlobalIDString = BEF31F3A0F352DF5000DE5D2;
			remoteInfo = Three20;
		};
		320F2C48872C2E2C4DF86202 /* PBXContainerItemProxy */ = {
			isa = PBXContainerItemProxy;
			containerPortal = 320F2C48872C2E2C4DF86200 /* Three20UI.xcodeproj */;
			proxyType = 1;
			remoteGlobalIDString = BEF31F390F352DF5000DE5D2;
			remoteInfo = Three20UI;
		};
		320F2C48872C2E2C4DF86206 /* PBXContainerItemProxy */ = {
			isa = PBXContainerItemProxy;
			containerPortal = 320F2C48872C2E2C4DF86200 /* Three20UI.xcodeproj */;
			proxyType = 2;
			remoteGlobalIDString = BEF31F3A0F352DF5000DE5D2;
			remoteInfo = Three20UI;
		};
/* End PBXContainerItemProxy section */

/* Begin PBXFileReference section */
		2912B08B1509C46300B15EE3 /* CFNetwork.framework */ = {isa = PBXFileReference; lastKnownFileType = wrapper.framework; name = CFNetwork.framework; path = System/Library/Frameworks/CFNetwork.framework; sourceTree = SDKROOT; };
		2912B08C1509C46300B15EE3 /* libxml2.dylib */ = {isa = PBXFileReference; lastKnownFileType = "compiled.mach-o.dylib"; name = libxml2.dylib; path = usr/lib/libxml2.dylib; sourceTree = SDKROOT; };
		2912B08D1509C46300B15EE3 /* MobileCoreServices.framework */ = {isa = PBXFileReference; lastKnownFileType = wrapper.framework; name = MobileCoreServices.framework; path = System/Library/Frameworks/MobileCoreServices.framework; sourceTree = SDKROOT; };
		2912B08E1509C46300B15EE3 /* Security.framework */ = {isa = PBXFileReference; lastKnownFileType = wrapper.framework; name = Security.framework; path = System/Library/Frameworks/Security.framework; sourceTree = SDKROOT; };
		2912B08F1509C46300B15EE3 /* SystemConfiguration.framework */ = {isa = PBXFileReference; lastKnownFileType = wrapper.framework; name = SystemConfiguration.framework; path = System/Library/Frameworks/SystemConfiguration.framework; sourceTree = SDKROOT; };
		2916B0C2153FB9A20050618F /* QuartzCore.framework */ = {isa = PBXFileReference; lastKnownFileType = wrapper.framework; name = QuartzCore.framework; path = System/Library/Frameworks/QuartzCore.framework; sourceTree = SDKROOT; };
		291A9B461400962F001A299B /* FetLife.entitlements */ = {isa = PBXFileReference; lastKnownFileType = text.xml; path = FetLife.entitlements; sourceTree = "<group>"; };
		291A9B481400A43D001A299B /* i_heart_fetlife_57.png */ = {isa = PBXFileReference; lastKnownFileType = image.png; name = i_heart_fetlife_57.png; path = ../i_heart_fetlife_57.png; sourceTree = "<group>"; };
		291A9B4A1400A510001A299B /* i_heart_fetlife_114.png */ = {isa = PBXFileReference; lastKnownFileType = image.png; name = i_heart_fetlife_114.png; path = ../i_heart_fetlife_114.png; sourceTree = "<group>"; };
		29580ECE155CB05200431E20 /* HTMLNode.h */ = {isa = PBXFileReference; fileEncoding = 4; lastKnownFileType = sourcecode.c.h; path = HTMLNode.h; sourceTree = "<group>"; };
		29580ECF155CB05200431E20 /* HTMLNode.m */ = {isa = PBXFileReference; fileEncoding = 4; lastKnownFileType = sourcecode.c.objc; path = HTMLNode.m; sourceTree = "<group>"; };
		29580ED0155CB05200431E20 /* HTMLParser.h */ = {isa = PBXFileReference; fileEncoding = 4; lastKnownFileType = sourcecode.c.h; path = HTMLParser.h; sourceTree = "<group>"; };
		29580ED1155CB05200431E20 /* HTMLParser.m */ = {isa = PBXFileReference; fileEncoding = 4; lastKnownFileType = sourcecode.c.objc; path = HTMLParser.m; sourceTree = "<group>"; };
		29580ED4155CB19C00431E20 /* CoreGraphics.framework */ = {isa = PBXFileReference; lastKnownFileType = wrapper.framework; name = CoreGraphics.framework; path = System/Library/Frameworks/CoreGraphics.framework; sourceTree = SDKROOT; };
		2964BF7714073D47003AAB45 /* Settings.bundle */ = {isa = PBXFileReference; lastKnownFileType = "wrapper.plug-in"; path = Settings.bundle; sourceTree = "<group>"; };
		299B7CE9156C810800A93ABF /* FLMessages.h */ = {isa = PBXFileReference; fileEncoding = 4; lastKnownFileType = sourcecode.c.h; path = FLMessages.h; sourceTree = SOURCE_ROOT; };
		299B7CEA156C810800A93ABF /* FLMessages.m */ = {isa = PBXFileReference; fileEncoding = 4; lastKnownFileType = sourcecode.c.objc; path = FLMessages.m; sourceTree = SOURCE_ROOT; };
		299B7CEC156C810900A93ABF /* FLConversations.h */ = {isa = PBXFileReference; fileEncoding = 4; lastKnownFileType = sourcecode.c.h; path = FLConversations.h; sourceTree = "<group>"; };
		299B7CED156C810900A93ABF /* FLConversations.m */ = {isa = PBXFileReference; fileEncoding = 4; lastKnownFileType = sourcecode.c.objc; path = FLConversations.m; sourceTree = "<group>"; };
		299B7CEF156C810A00A93ABF /* FLUsers.h */ = {isa = PBXFileReference; fileEncoding = 4; lastKnownFileType = sourcecode.c.h; path = FLUsers.h; sourceTree = "<group>"; };
		299B7CF0156C810A00A93ABF /* FLUsers.m */ = {isa = PBXFileReference; fileEncoding = 4; lastKnownFileType = sourcecode.c.objc; path = FLUsers.m; sourceTree = "<group>"; };
		29AEE426140036AE00730510 /* FetLife.app */ = {isa = PBXFileReference; explicitFileType = wrapper.application; includeInIndex = 0; path = FetLife.app; sourceTree = BUILT_PRODUCTS_DIR; };
		29AEE42A140036AE00730510 /* UIKit.framework */ = {isa = PBXFileReference; lastKnownFileType = wrapper.framework; name = UIKit.framework; path = System/Library/Frameworks/UIKit.framework; sourceTree = SDKROOT; };
		29AEE42C140036AE00730510 /* Foundation.framework */ = {isa = PBXFileReference; lastKnownFileType = wrapper.framework; name = Foundation.framework; path = System/Library/Frameworks/Foundation.framework; sourceTree = SDKROOT; };
		29AEE42E140036AE00730510 /* CoreData.framework */ = {isa = PBXFileReference; lastKnownFileType = wrapper.framework; name = CoreData.framework; path = System/Library/Frameworks/CoreData.framework; sourceTree = SDKROOT; };
		29AEE432140036AE00730510 /* FetLife-Info.plist */ = {isa = PBXFileReference; lastKnownFileType = text.plist.xml; path = "FetLife-Info.plist"; sourceTree = "<group>"; };
		29AEE434140036AE00730510 /* en */ = {isa = PBXFileReference; lastKnownFileType = text.plist.strings; name = en; path = en.lproj/InfoPlist.strings; sourceTree = "<group>"; };
		29AEE436140036AE00730510 /* main.m */ = {isa = PBXFileReference; lastKnownFileType = sourcecode.c.objc; path = main.m; sourceTree = "<group>"; };
		29AEE438140036AE00730510 /* FetLife-Prefix.pch */ = {isa = PBXFileReference; lastKnownFileType = sourcecode.c.h; path = "FetLife-Prefix.pch"; sourceTree = "<group>"; };
		29AEE439140036AE00730510 /* FLAppDelegate.h */ = {isa = PBXFileReference; lastKnownFileType = sourcecode.c.h; path = FLAppDelegate.h; sourceTree = "<group>"; };
		29AEE43A140036AE00730510 /* FLAppDelegate.m */ = {isa = PBXFileReference; lastKnownFileType = sourcecode.c.objc; path = FLAppDelegate.m; sourceTree = "<group>"; };
		29AEE43D140036AE00730510 /* FetLife.xcdatamodel */ = {isa = PBXFileReference; lastKnownFileType = wrapper.xcdatamodel; path = FetLife.xcdatamodel; sourceTree = "<group>"; };
		29AEE43F140036AE00730510 /* FLMasterViewController.h */ = {isa = PBXFileReference; lastKnownFileType = sourcecode.c.h; path = FLMasterViewController.h; sourceTree = "<group>"; };
		29AEE440140036AE00730510 /* FLMasterViewController.m */ = {isa = PBXFileReference; lastKnownFileType = sourcecode.c.objc; path = FLMasterViewController.m; sourceTree = "<group>"; };
		29AEE442140036AE00730510 /* FLDetailViewController.h */ = {isa = PBXFileReference; lastKnownFileType = sourcecode.c.h; path = FLDetailViewController.h; sourceTree = "<group>"; };
		29AEE443140036AE00730510 /* FLDetailViewController.m */ = {isa = PBXFileReference; lastKnownFileType = sourcecode.c.objc; path = FLDetailViewController.m; sourceTree = "<group>"; };
		29AEE446140036AE00730510 /* en */ = {isa = PBXFileReference; lastKnownFileType = file.xib; name = en; path = en.lproj/FLMasterViewController_iPhone.xib; sourceTree = "<group>"; };
		29AEE449140036AE00730510 /* en */ = {isa = PBXFileReference; lastKnownFileType = file.xib; name = en; path = en.lproj/FLMasterViewController_iPad.xib; sourceTree = "<group>"; };
		29AEE44C140036AE00730510 /* en */ = {isa = PBXFileReference; lastKnownFileType = file.xib; name = en; path = en.lproj/FLDetailViewController_iPhone.xib; sourceTree = "<group>"; };
		29AEE44F140036AE00730510 /* en */ = {isa = PBXFileReference; lastKnownFileType = file.xib; name = en; path = en.lproj/FLDetailViewController_iPad.xib; sourceTree = "<group>"; };
		29DC72C7140820750078A3D6 /* FLNetworkController.h */ = {isa = PBXFileReference; fileEncoding = 4; lastKnownFileType = sourcecode.c.h; path = FLNetworkController.h; sourceTree = "<group>"; };
		29DC72C8140820750078A3D6 /* FLNetworkController.m */ = {isa = PBXFileReference; fileEncoding = 4; lastKnownFileType = sourcecode.c.objc; path = FLNetworkController.m; sourceTree = "<group>"; };
		29E12A441564B18000EB5D8B /* FLMessagesTableViewController.h */ = {isa = PBXFileReference; fileEncoding = 4; lastKnownFileType = sourcecode.c.h; path = FLMessagesTableViewController.h; sourceTree = "<group>"; };
		29E12A451564B18100EB5D8B /* FLMessagesTableViewController.m */ = {isa = PBXFileReference; fileEncoding = 4; lastKnownFileType = sourcecode.c.objc; path = FLMessagesTableViewController.m; sourceTree = "<group>"; };
		29E9AD19155B57F300EC722B /* RestKit.xcodeproj */ = {isa = PBXFileReference; lastKnownFileType = "wrapper.pb-project"; name = RestKit.xcodeproj; path = RestKit/RestKit.xcodeproj; sourceTree = "<group>"; };
		29F55E2F15118EC400A70306 /* en */ = {isa = PBXFileReference; lastKnownFileType = file.xib; name = en; path = FLLoginViewController_iPhone.xib; sourceTree = "<group>"; };
		29F55E3615118EC400A70306 /* FLLoginViewController_iPad.xib */ = {isa = PBXFileReference; fileEncoding = 4; lastKnownFileType = file.xib; path = FLLoginViewController_iPad.xib; sourceTree = "<group>"; };
		29F55E3715118EC400A70306 /* FLLoginViewController.h */ = {isa = PBXFileReference; fileEncoding = 4; lastKnownFileType = sourcecode.c.h; path = FLLoginViewController.h; sourceTree = "<group>"; };
		29F55E3815118EC400A70306 /* FLLoginViewController.m */ = {isa = PBXFileReference; fileEncoding = 4; lastKnownFileType = sourcecode.c.objc; path = FLLoginViewController.m; sourceTree = "<group>"; };
		3201088596B4756681693700 /* Three20UICommon.xcodeproj */ = {isa = PBXFileReference; lastKnownFileType = "wrapper.pb-project"; name = Three20UICommon.xcodeproj; path = three20/src/Three20UICommon/Three20UICommon.xcodeproj; sourceTree = SOURCE_ROOT; };
		320A2827FEC940B25BC42C60 /* Three20Core.xcodeproj */ = {isa = PBXFileReference; lastKnownFileType = "wrapper.pb-project"; name = Three20Core.xcodeproj; path = three20/src/Three20Core/Three20Core.xcodeproj; sourceTree = SOURCE_ROOT; };
		320A5A189C235877202780D0 /* Three20Network.xcodeproj */ = {isa = PBXFileReference; lastKnownFileType = "wrapper.pb-project"; name = Three20Network.xcodeproj; path = three20/src/Three20Network/Three20Network.xcodeproj; sourceTree = SOURCE_ROOT; };
		320A737074758E53BA54BE90 /* Three20UINavigator.xcodeproj */ = {isa = PBXFileReference; lastKnownFileType = "wrapper.pb-project"; name = Three20UINavigator.xcodeproj; path = three20/src/Three20UINavigator/Three20UINavigator.xcodeproj; sourceTree = SOURCE_ROOT; };
		320AF8492C47A4D819F7C450 /* QuartzCore.framework */ = {isa = PBXFileReference; lastKnownFileType = wrapper.frameworks; name = QuartzCore.framework; path = System/Library/Frameworks/QuartzCore.framework; sourceTree = SDKROOT; };
		320B6C86F11D9990244A9730 /* Three20.bundle */ = {isa = PBXFileReference; lastKnownFileType = "wrapper.plug-in"; name = Three20.bundle; path = three20/src/Three20.bundle; sourceTree = SOURCE_ROOT; };
		320CC833B8AF0ACFD35E6220 /* Three20Style.xcodeproj */ = {isa = PBXFileReference; lastKnownFileType = "wrapper.pb-project"; name = Three20Style.xcodeproj; path = three20/src/Three20Style/Three20Style.xcodeproj; sourceTree = SOURCE_ROOT; };
		320D7DCCE32703ACAB9A45E0 /* Three20.xcodeproj */ = {isa = PBXFileReference; lastKnownFileType = "wrapper.pb-project"; name = Three20.xcodeproj; path = three20/src/Three20/Three20.xcodeproj; sourceTree = SOURCE_ROOT; };
		320F2C48872C2E2C4DF86200 /* Three20UI.xcodeproj */ = {isa = PBXFileReference; lastKnownFileType = "wrapper.pb-project"; name = Three20UI.xcodeproj; path = three20/src/Three20UI/Three20UI.xcodeproj; sourceTree = SOURCE_ROOT; };
/* End PBXFileReference section */

/* Begin PBXFrameworksBuildPhase section */
		29AEE423140036AD00730510 /* Frameworks */ = {
			isa = PBXFrameworksBuildPhase;
			buildActionMask = 2147483647;
			files = (
				3201088596B4756681693705 /* libThree20UICommon.a in Frameworks */,
				320D7DCCE32703ACAB9A45E5 /* libThree20.a in Frameworks */,
				320A737074758E53BA54BE95 /* libThree20UINavigator.a in Frameworks */,
				320A2827FEC940B25BC42C65 /* libThree20Core.a in Frameworks */,
				320F2C48872C2E2C4DF86205 /* libThree20UI.a in Frameworks */,
				320AF8492C47A4D819F7C451 /* QuartzCore.framework in Frameworks */,
				320A5A189C235877202780D5 /* libThree20Network.a in Frameworks */,
				320CC833B8AF0ACFD35E6225 /* libThree20Style.a in Frameworks */,
				29580ED6155CB20B00431E20 /* QuartzCore.framework in Frameworks */,
				29580EC7155CA5B100431E20 /* libRestKit.a in Frameworks */,
				2912B0911509C46300B15EE3 /* libxml2.dylib in Frameworks */,
				2912B0941509C46300B15EE3 /* SystemConfiguration.framework in Frameworks */,
				2912B0931509C46300B15EE3 /* Security.framework in Frameworks */,
				2912B0921509C46300B15EE3 /* MobileCoreServices.framework in Frameworks */,
				29AEE42F140036AE00730510 /* CoreData.framework in Frameworks */,
				2912B0901509C46300B15EE3 /* CFNetwork.framework in Frameworks */,
				29AEE42B140036AE00730510 /* UIKit.framework in Frameworks */,
				29AEE42D140036AE00730510 /* Foundation.framework in Frameworks */,
				29580ED5155CB19C00431E20 /* CoreGraphics.framework in Frameworks */,
			);
			runOnlyForDeploymentPostprocessing = 0;
		};
/* End PBXFrameworksBuildPhase section */

/* Begin PBXGroup section */
		29AEE41B140036AD00730510 = {
			isa = PBXGroup;
			children = (
				29580ED4155CB19C00431E20 /* CoreGraphics.framework */,
				2916B0C2153FB9A20050618F /* QuartzCore.framework */,
				2912B08B1509C46300B15EE3 /* CFNetwork.framework */,
				2912B08C1509C46300B15EE3 /* libxml2.dylib */,
				2912B08D1509C46300B15EE3 /* MobileCoreServices.framework */,
				2912B08E1509C46300B15EE3 /* Security.framework */,
				2912B08F1509C46300B15EE3 /* SystemConfiguration.framework */,
				29E9AD19155B57F300EC722B /* RestKit.xcodeproj */,
				29AEE430140036AE00730510 /* FetLife */,
				29AEE429140036AE00730510 /* Frameworks */,
				29AEE427140036AE00730510 /* Products */,
			);
			sourceTree = "<group>";
		};
		29AEE427140036AE00730510 /* Products */ = {
			isa = PBXGroup;
			children = (
				29AEE426140036AE00730510 /* FetLife.app */,
			);
			name = Products;
			sourceTree = "<group>";
		};
		29AEE429140036AE00730510 /* Frameworks */ = {
			isa = PBXGroup;
			children = (
				3201088596B4756681693700 /* Three20UICommon.xcodeproj */,
				320D7DCCE32703ACAB9A45E0 /* Three20.xcodeproj */,
				320A737074758E53BA54BE90 /* Three20UINavigator.xcodeproj */,
				320A2827FEC940B25BC42C60 /* Three20Core.xcodeproj */,
				320F2C48872C2E2C4DF86200 /* Three20UI.xcodeproj */,
				320AF8492C47A4D819F7C450 /* QuartzCore.framework */,
				320A5A189C235877202780D0 /* Three20Network.xcodeproj */,
				320CC833B8AF0ACFD35E6220 /* Three20Style.xcodeproj */,
				29AEE42A140036AE00730510 /* UIKit.framework */,
				29AEE42C140036AE00730510 /* Foundation.framework */,
				29AEE42E140036AE00730510 /* CoreData.framework */,
			);
			name = Frameworks;
			sourceTree = "<group>";
		};
		29AEE430140036AE00730510 /* FetLife */ = {
			isa = PBXGroup;
			children = (
				291A9B4A1400A510001A299B /* i_heart_fetlife_114.png */,
				291A9B481400A43D001A299B /* i_heart_fetlife_57.png */,
				299B7CEF156C810A00A93ABF /* FLUsers.h */,
				299B7CF0156C810A00A93ABF /* FLUsers.m */,
				299B7CEC156C810900A93ABF /* FLConversations.h */,
				299B7CED156C810900A93ABF /* FLConversations.m */,
				299B7CE9156C810800A93ABF /* FLMessages.h */,
				299B7CEA156C810800A93ABF /* FLMessages.m */,
				29580ECE155CB05200431E20 /* HTMLNode.h */,
				29580ECF155CB05200431E20 /* HTMLNode.m */,
				29580ED0155CB05200431E20 /* HTMLParser.h */,
				29580ED1155CB05200431E20 /* HTMLParser.m */,
				29F55E3615118EC400A70306 /* FLLoginViewController_iPad.xib */,
				29F55E2E15118EC400A70306 /* FLLoginViewController_iPhone.xib */,
				29F55E3715118EC400A70306 /* FLLoginViewController.h */,
				29F55E3815118EC400A70306 /* FLLoginViewController.m */,
				291A9B461400962F001A299B /* FetLife.entitlements */,
				29AEE439140036AE00730510 /* FLAppDelegate.h */,
				29AEE43A140036AE00730510 /* FLAppDelegate.m */,
				29DC72C7140820750078A3D6 /* FLNetworkController.h */,
				29DC72C8140820750078A3D6 /* FLNetworkController.m */,
				2964BF7714073D47003AAB45 /* Settings.bundle */,
				29AEE43F140036AE00730510 /* FLMasterViewController.h */,
				29AEE440140036AE00730510 /* FLMasterViewController.m */,
				29E12A441564B18000EB5D8B /* FLMessagesTableViewController.h */,
				29E12A451564B18100EB5D8B /* FLMessagesTableViewController.m */,
				29AEE442140036AE00730510 /* FLDetailViewController.h */,
				29AEE443140036AE00730510 /* FLDetailViewController.m */,
				29AEE445140036AE00730510 /* FLMasterViewController_iPhone.xib */,
				29AEE448140036AE00730510 /* FLMasterViewController_iPad.xib */,
				29AEE44B140036AE00730510 /* FLDetailViewController_iPhone.xib */,
				29AEE44E140036AE00730510 /* FLDetailViewController_iPad.xib */,
				29AEE43C140036AE00730510 /* FetLife.xcdatamodeld */,
				29AEE431140036AE00730510 /* Supporting Files */,
			);
			path = FetLife;
			sourceTree = "<group>";
		};
		29AEE431140036AE00730510 /* Supporting Files */ = {
			isa = PBXGroup;
			children = (
				320B6C86F11D9990244A9730 /* Three20.bundle */,
				29AEE432140036AE00730510 /* FetLife-Info.plist */,
				29AEE433140036AE00730510 /* InfoPlist.strings */,
				29AEE436140036AE00730510 /* main.m */,
				29AEE438140036AE00730510 /* FetLife-Prefix.pch */,
			);
			name = "Supporting Files";
			sourceTree = "<group>";
		};
		29E9AD1A155B57F300EC722B /* Products */ = {
			isa = PBXGroup;
			children = (
				29A78883155CA1FD00E820E7 /* libRestKit.a */,
				29A78885155CA1FD00E820E7 /* RestKitTests.octest */,
				29A78887155CA1FD00E820E7 /* RestKit.framework */,
				29A78889155CA1FD00E820E7 /* RestKitFrameworkTests.octest */,
				29A7888B155CA1FD00E820E7 /* RestKitResources.bundle */,
			);
			name = Products;
			sourceTree = "<group>";
		};
		3201088596B4756681693703 /* Products */ = {
			isa = PBXGroup;
			children = (
				3201088596B4756681693704 /* libThree20UICommon.a */,
				29B4E25E156B3C74009D0558 /* UICommonUnitTests.octest */,
			);
			name = Products;
			sourceTree = "<group>";
		};
		320A2827FEC940B25BC42C63 /* Products */ = {
			isa = PBXGroup;
			children = (
				320A2827FEC940B25BC42C64 /* libThree20Core.a */,
				29B4E252156B3C74009D0558 /* CoreUnitTests.octest */,
			);
			name = Products;
			sourceTree = "<group>";
		};
		320A5A189C235877202780D3 /* Products */ = {
			isa = PBXGroup;
			children = (
				320A5A189C235877202780D4 /* libThree20Network.a */,
				29B4E255156B3C74009D0558 /* NetworkUnitTests.octest */,
			);
			name = Products;
			sourceTree = "<group>";
		};
		320A737074758E53BA54BE93 /* Products */ = {
			isa = PBXGroup;
			children = (
				320A737074758E53BA54BE94 /* libThree20UINavigator.a */,
				29B4E261156B3C74009D0558 /* UINavigatorUnitTests.octest */,
			);
			name = Products;
			sourceTree = "<group>";
		};
		320CC833B8AF0ACFD35E6223 /* Products */ = {
			isa = PBXGroup;
			children = (
				320CC833B8AF0ACFD35E6224 /* libThree20Style.a */,
				29B4E258156B3C74009D0558 /* StyleUnitTests.octest */,
			);
			name = Products;
			sourceTree = "<group>";
		};
		320D7DCCE32703ACAB9A45E3 /* Products */ = {
			isa = PBXGroup;
			children = (
				320D7DCCE32703ACAB9A45E4 /* libThree20.a */,
				29B4E24F156B3C74009D0558 /* Three20UnitTests.octest */,
			);
			name = Products;
			sourceTree = "<group>";
		};
		320F2C48872C2E2C4DF86203 /* Products */ = {
			isa = PBXGroup;
			children = (
				320F2C48872C2E2C4DF86204 /* libThree20UI.a */,
				29B4E25B156B3C74009D0558 /* UIUnitTests.octest */,
			);
			name = Products;
			sourceTree = "<group>";
		};
/* End PBXGroup section */

/* Begin PBXNativeTarget section */
		29AEE425140036AD00730510 /* FetLife */ = {
			isa = PBXNativeTarget;
			buildConfigurationList = 29AEE453140036AE00730510 /* Build configuration list for PBXNativeTarget "FetLife" */;
			buildPhases = (
				29AEE422140036AD00730510 /* Sources */,
				29AEE423140036AD00730510 /* Frameworks */,
				29AEE424140036AD00730510 /* Resources */,
			);
			buildRules = (
			);
			dependencies = (
				3201088596B4756681693701 /* PBXTargetDependency */,
				320D7DCCE32703ACAB9A45E1 /* PBXTargetDependency */,
				320A737074758E53BA54BE91 /* PBXTargetDependency */,
				320A2827FEC940B25BC42C61 /* PBXTargetDependency */,
				320F2C48872C2E2C4DF86201 /* PBXTargetDependency */,
				320A5A189C235877202780D1 /* PBXTargetDependency */,
				320CC833B8AF0ACFD35E6221 /* PBXTargetDependency */,
				29E9AD2F155B580200EC722B /* PBXTargetDependency */,
			);
			name = FetLife;
			productName = FetLife;
			productReference = 29AEE426140036AE00730510 /* FetLife.app */;
			productType = "com.apple.product-type.application";
		};
/* End PBXNativeTarget section */

/* Begin PBXProject section */
		29AEE41D140036AD00730510 /* Project object */ = {
			isa = PBXProject;
			attributes = {
				LastUpgradeCheck = 0430;
				ORGANIZATIONNAME = KB1IBT.com;
			};
			buildConfigurationList = 29AEE420140036AD00730510 /* Build configuration list for PBXProject "FetLife" */;
			compatibilityVersion = "Xcode 3.2";
			developmentRegion = English;
			hasScannedForEncodings = 0;
			knownRegions = (
				en,
			);
			mainGroup = 29AEE41B140036AD00730510;
			productRefGroup = 29AEE427140036AE00730510 /* Products */;
			projectDirPath = "";
			projectReferences = (
				{
					ProductGroup = 29E9AD1A155B57F300EC722B /* Products */;
					ProjectRef = 29E9AD19155B57F300EC722B /* RestKit.xcodeproj */;
				},
				{
					ProductGroup = 320D7DCCE32703ACAB9A45E3 /* Products */;
					ProjectRef = 320D7DCCE32703ACAB9A45E0 /* Three20.xcodeproj */;
				},
				{
					ProductGroup = 320A2827FEC940B25BC42C63 /* Products */;
					ProjectRef = 320A2827FEC940B25BC42C60 /* Three20Core.xcodeproj */;
				},
				{
					ProductGroup = 320A5A189C235877202780D3 /* Products */;
					ProjectRef = 320A5A189C235877202780D0 /* Three20Network.xcodeproj */;
				},
				{
					ProductGroup = 320CC833B8AF0ACFD35E6223 /* Products */;
					ProjectRef = 320CC833B8AF0ACFD35E6220 /* Three20Style.xcodeproj */;
				},
				{
					ProductGroup = 320F2C48872C2E2C4DF86203 /* Products */;
					ProjectRef = 320F2C48872C2E2C4DF86200 /* Three20UI.xcodeproj */;
				},
				{
					ProductGroup = 3201088596B4756681693703 /* Products */;
					ProjectRef = 3201088596B4756681693700 /* Three20UICommon.xcodeproj */;
				},
				{
					ProductGroup = 320A737074758E53BA54BE93 /* Products */;
					ProjectRef = 320A737074758E53BA54BE90 /* Three20UINavigator.xcodeproj */;
				},
			);
			projectRoot = "";
			targets = (
				29AEE425140036AD00730510 /* FetLife */,
			);
		};
/* End PBXProject section */

/* Begin PBXReferenceProxy section */
		29A78883155CA1FD00E820E7 /* libRestKit.a */ = {
			isa = PBXReferenceProxy;
			fileType = archive.ar;
			path = libRestKit.a;
			remoteRef = 29A78882155CA1FD00E820E7 /* PBXContainerItemProxy */;
			sourceTree = BUILT_PRODUCTS_DIR;
		};
		29A78885155CA1FD00E820E7 /* RestKitTests.octest */ = {
			isa = PBXReferenceProxy;
			fileType = wrapper.cfbundle;
			path = RestKitTests.octest;
			remoteRef = 29A78884155CA1FD00E820E7 /* PBXContainerItemProxy */;
			sourceTree = BUILT_PRODUCTS_DIR;
		};
		29A78887155CA1FD00E820E7 /* RestKit.framework */ = {
			isa = PBXReferenceProxy;
			fileType = wrapper.framework;
			path = RestKit.framework;
			remoteRef = 29A78886155CA1FD00E820E7 /* PBXContainerItemProxy */;
			sourceTree = BUILT_PRODUCTS_DIR;
		};
		29A78889155CA1FD00E820E7 /* RestKitFrameworkTests.octest */ = {
			isa = PBXReferenceProxy;
			fileType = wrapper.cfbundle;
			path = RestKitFrameworkTests.octest;
			remoteRef = 29A78888155CA1FD00E820E7 /* PBXContainerItemProxy */;
			sourceTree = BUILT_PRODUCTS_DIR;
		};
		29A7888B155CA1FD00E820E7 /* RestKitResources.bundle */ = {
			isa = PBXReferenceProxy;
			fileType = wrapper.cfbundle;
			path = RestKitResources.bundle;
			remoteRef = 29A7888A155CA1FD00E820E7 /* PBXContainerItemProxy */;
			sourceTree = BUILT_PRODUCTS_DIR;
		};
		29B4E24F156B3C74009D0558 /* Three20UnitTests.octest */ = {
			isa = PBXReferenceProxy;
			fileType = wrapper.cfbundle;
			path = Three20UnitTests.octest;
			remoteRef = 29B4E24E156B3C74009D0558 /* PBXContainerItemProxy */;
			sourceTree = BUILT_PRODUCTS_DIR;
		};
		29B4E252156B3C74009D0558 /* CoreUnitTests.octest */ = {
			isa = PBXReferenceProxy;
			fileType = wrapper.cfbundle;
			path = CoreUnitTests.octest;
			remoteRef = 29B4E251156B3C74009D0558 /* PBXContainerItemProxy */;
			sourceTree = BUILT_PRODUCTS_DIR;
		};
		29B4E255156B3C74009D0558 /* NetworkUnitTests.octest */ = {
			isa = PBXReferenceProxy;
			fileType = wrapper.cfbundle;
			path = NetworkUnitTests.octest;
			remoteRef = 29B4E254156B3C74009D0558 /* PBXContainerItemProxy */;
			sourceTree = BUILT_PRODUCTS_DIR;
		};
		29B4E258156B3C74009D0558 /* StyleUnitTests.octest */ = {
			isa = PBXReferenceProxy;
			fileType = wrapper.cfbundle;
			path = StyleUnitTests.octest;
			remoteRef = 29B4E257156B3C74009D0558 /* PBXContainerItemProxy */;
			sourceTree = BUILT_PRODUCTS_DIR;
		};
		29B4E25B156B3C74009D0558 /* UIUnitTests.octest */ = {
			isa = PBXReferenceProxy;
			fileType = wrapper.cfbundle;
			path = UIUnitTests.octest;
			remoteRef = 29B4E25A156B3C74009D0558 /* PBXContainerItemProxy */;
			sourceTree = BUILT_PRODUCTS_DIR;
		};
		29B4E25E156B3C74009D0558 /* UICommonUnitTests.octest */ = {
			isa = PBXReferenceProxy;
			fileType = wrapper.cfbundle;
			path = UICommonUnitTests.octest;
			remoteRef = 29B4E25D156B3C74009D0558 /* PBXContainerItemProxy */;
			sourceTree = BUILT_PRODUCTS_DIR;
		};
		29B4E261156B3C74009D0558 /* UINavigatorUnitTests.octest */ = {
			isa = PBXReferenceProxy;
			fileType = wrapper.cfbundle;
			path = UINavigatorUnitTests.octest;
			remoteRef = 29B4E260156B3C74009D0558 /* PBXContainerItemProxy */;
			sourceTree = BUILT_PRODUCTS_DIR;
		};
		3201088596B4756681693704 /* libThree20UICommon.a */ = {
			isa = PBXReferenceProxy;
			fileType = archive.ar;
			path = libThree20UICommon.a;
			remoteRef = 3201088596B4756681693706 /* PBXContainerItemProxy */;
			sourceTree = BUILT_PRODUCTS_DIR;
		};
		320A2827FEC940B25BC42C64 /* libThree20Core.a */ = {
			isa = PBXReferenceProxy;
			fileType = archive.ar;
			path = libThree20Core.a;
			remoteRef = 320A2827FEC940B25BC42C66 /* PBXContainerItemProxy */;
			sourceTree = BUILT_PRODUCTS_DIR;
		};
		320A5A189C235877202780D4 /* libThree20Network.a */ = {
			isa = PBXReferenceProxy;
			fileType = archive.ar;
			path = libThree20Network.a;
			remoteRef = 320A5A189C235877202780D6 /* PBXContainerItemProxy */;
			sourceTree = BUILT_PRODUCTS_DIR;
		};
		320A737074758E53BA54BE94 /* libThree20UINavigator.a */ = {
			isa = PBXReferenceProxy;
			fileType = archive.ar;
			path = libThree20UINavigator.a;
			remoteRef = 320A737074758E53BA54BE96 /* PBXContainerItemProxy */;
			sourceTree = BUILT_PRODUCTS_DIR;
		};
		320CC833B8AF0ACFD35E6224 /* libThree20Style.a */ = {
			isa = PBXReferenceProxy;
			fileType = archive.ar;
			path = libThree20Style.a;
			remoteRef = 320CC833B8AF0ACFD35E6226 /* PBXContainerItemProxy */;
			sourceTree = BUILT_PRODUCTS_DIR;
		};
		320D7DCCE32703ACAB9A45E4 /* libThree20.a */ = {
			isa = PBXReferenceProxy;
			fileType = archive.ar;
			path = libThree20.a;
			remoteRef = 320D7DCCE32703ACAB9A45E6 /* PBXContainerItemProxy */;
			sourceTree = BUILT_PRODUCTS_DIR;
		};
		320F2C48872C2E2C4DF86204 /* libThree20UI.a */ = {
			isa = PBXReferenceProxy;
			fileType = archive.ar;
			path = libThree20UI.a;
			remoteRef = 320F2C48872C2E2C4DF86206 /* PBXContainerItemProxy */;
			sourceTree = BUILT_PRODUCTS_DIR;
		};
/* End PBXReferenceProxy section */

/* Begin PBXResourcesBuildPhase section */
		29AEE424140036AD00730510 /* Resources */ = {
			isa = PBXResourcesBuildPhase;
			buildActionMask = 2147483647;
			files = (
				320B6C86F11D9990244A9731 /* Three20.bundle in Resources */,
				29AEE435140036AE00730510 /* InfoPlist.strings in Resources */,
				29AEE447140036AE00730510 /* FLMasterViewController_iPhone.xib in Resources */,
				29AEE44A140036AE00730510 /* FLMasterViewController_iPad.xib in Resources */,
				29AEE44D140036AE00730510 /* FLDetailViewController_iPhone.xib in Resources */,
				29AEE450140036AE00730510 /* FLDetailViewController_iPad.xib in Resources */,
				291A9B491400A43D001A299B /* i_heart_fetlife_57.png in Resources */,
				291A9B4B1400A510001A299B /* i_heart_fetlife_114.png in Resources */,
				2964BF7814073D47003AAB45 /* Settings.bundle in Resources */,
				29F55E3B15118EC400A70306 /* FLLoginViewController_iPhone.xib in Resources */,
				29F55E3F15118EC400A70306 /* FLLoginViewController_iPad.xib in Resources */,
			);
			runOnlyForDeploymentPostprocessing = 0;
		};
/* End PBXResourcesBuildPhase section */

/* Begin PBXSourcesBuildPhase section */
		29AEE422140036AD00730510 /* Sources */ = {
			isa = PBXSourcesBuildPhase;
			buildActionMask = 2147483647;
			files = (
				29AEE437140036AE00730510 /* main.m in Sources */,
				29AEE43B140036AE00730510 /* FLAppDelegate.m in Sources */,
				29AEE43E140036AE00730510 /* FetLife.xcdatamodeld in Sources */,
				29AEE441140036AE00730510 /* FLMasterViewController.m in Sources */,
				29AEE444140036AE00730510 /* FLDetailViewController.m in Sources */,
				29DC72C9140820750078A3D6 /* FLNetworkController.m in Sources */,
				29F55E4015118EC400A70306 /* FLLoginViewController.m in Sources */,
				29580ED2155CB05200431E20 /* HTMLNode.m in Sources */,
				29580ED3155CB05200431E20 /* HTMLParser.m in Sources */,
				29E12A461564B18100EB5D8B /* FLMessagesTableViewController.m in Sources */,
				299B7CEB156C810800A93ABF /* FLMessages.m in Sources */,
				299B7CEE156C810A00A93ABF /* FLConversations.m in Sources */,
				299B7CF1156C810A00A93ABF /* FLUsers.m in Sources */,
			);
			runOnlyForDeploymentPostprocessing = 0;
		};
/* End PBXSourcesBuildPhase section */

/* Begin PBXTargetDependency section */
		29E9AD2F155B580200EC722B /* PBXTargetDependency */ = {
			isa = PBXTargetDependency;
			name = RestKit;
			targetProxy = 29E9AD2E155B580200EC722B /* PBXContainerItemProxy */;
		};
		3201088596B4756681693701 /* PBXTargetDependency */ = {
			isa = PBXTargetDependency;
			name = Three20UICommon;
			targetProxy = 3201088596B4756681693702 /* PBXContainerItemProxy */;
		};
		320A2827FEC940B25BC42C61 /* PBXTargetDependency */ = {
			isa = PBXTargetDependency;
			name = Three20Core;
			targetProxy = 320A2827FEC940B25BC42C62 /* PBXContainerItemProxy */;
		};
		320A5A189C235877202780D1 /* PBXTargetDependency */ = {
			isa = PBXTargetDependency;
			name = Three20Network;
			targetProxy = 320A5A189C235877202780D2 /* PBXContainerItemProxy */;
		};
		320A737074758E53BA54BE91 /* PBXTargetDependency */ = {
			isa = PBXTargetDependency;
			name = Three20UINavigator;
			targetProxy = 320A737074758E53BA54BE92 /* PBXContainerItemProxy */;
		};
		320CC833B8AF0ACFD35E6221 /* PBXTargetDependency */ = {
			isa = PBXTargetDependency;
			name = Three20Style;
			targetProxy = 320CC833B8AF0ACFD35E6222 /* PBXContainerItemProxy */;
		};
		320D7DCCE32703ACAB9A45E1 /* PBXTargetDependency */ = {
			isa = PBXTargetDependency;
			name = Three20;
			targetProxy = 320D7DCCE32703ACAB9A45E2 /* PBXContainerItemProxy */;
		};
		320F2C48872C2E2C4DF86201 /* PBXTargetDependency */ = {
			isa = PBXTargetDependency;
			name = Three20UI;
			targetProxy = 320F2C48872C2E2C4DF86202 /* PBXContainerItemProxy */;
		};
/* End PBXTargetDependency section */

/* Begin PBXVariantGroup section */
		29AEE433140036AE00730510 /* InfoPlist.strings */ = {
			isa = PBXVariantGroup;
			children = (
				29AEE434140036AE00730510 /* en */,
			);
			name = InfoPlist.strings;
			sourceTree = "<group>";
		};
		29AEE445140036AE00730510 /* FLMasterViewController_iPhone.xib */ = {
			isa = PBXVariantGroup;
			children = (
				29AEE446140036AE00730510 /* en */,
			);
			name = FLMasterViewController_iPhone.xib;
			sourceTree = "<group>";
		};
		29AEE448140036AE00730510 /* FLMasterViewController_iPad.xib */ = {
			isa = PBXVariantGroup;
			children = (
				29AEE449140036AE00730510 /* en */,
			);
			name = FLMasterViewController_iPad.xib;
			sourceTree = "<group>";
		};
		29AEE44B140036AE00730510 /* FLDetailViewController_iPhone.xib */ = {
			isa = PBXVariantGroup;
			children = (
				29AEE44C140036AE00730510 /* en */,
			);
			name = FLDetailViewController_iPhone.xib;
			sourceTree = "<group>";
		};
		29AEE44E140036AE00730510 /* FLDetailViewController_iPad.xib */ = {
			isa = PBXVariantGroup;
			children = (
				29AEE44F140036AE00730510 /* en */,
			);
			name = FLDetailViewController_iPad.xib;
			sourceTree = "<group>";
		};
		29F55E2E15118EC400A70306 /* FLLoginViewController_iPhone.xib */ = {
			isa = PBXVariantGroup;
			children = (
				29F55E2F15118EC400A70306 /* en */,
			);
			name = FLLoginViewController_iPhone.xib;
			path = en.lproj;
			sourceTree = "<group>";
		};
/* End PBXVariantGroup section */

/* Begin XCBuildConfiguration section */
		29AEE451140036AE00730510 /* Debug */ = {
			isa = XCBuildConfiguration;
			buildSettings = {
				ALWAYS_SEARCH_USER_PATHS = YES;
				ARCHS = "$(ARCHS_STANDARD_32_BIT)";
				CLANG_ENABLE_OBJC_ARC = YES;
				CODE_SIGN_IDENTITY = "iPhone Developer";
				"CODE_SIGN_IDENTITY[sdk=iphoneos*]" = "iPhone Developer";
				COPY_PHASE_STRIP = NO;
				GCC_C_LANGUAGE_STANDARD = gnu99;
				GCC_DYNAMIC_NO_PIC = NO;
				GCC_OPTIMIZATION_LEVEL = 0;
				GCC_PRECOMPILE_PREFIX_HEADER = YES;
				GCC_PREPROCESSOR_DEFINITIONS = (
					"DEBUG=1",
					"$(inherited)",
				);
				GCC_SYMBOLS_PRIVATE_EXTERN = NO;
				GCC_VERSION = com.apple.compilers.llvm.clang.1_0;
				GCC_WARN_ABOUT_MISSING_PROTOTYPES = YES;
				GCC_WARN_ABOUT_RETURN_TYPE = YES;
				GCC_WARN_UNUSED_VARIABLE = YES;
				HEADER_SEARCH_PATHS = (
					"$(BUILT_PRODUCTS_DIR)/../three20",
					"$(BUILT_PRODUCTS_DIR)/../../three20",
					three20/Build/Products/three20,
				);
				IPHONEOS_DEPLOYMENT_TARGET = 5.0;
				OTHER_LDFLAGS = "-ObjC";
				PROVISIONING_PROFILE = "";
				SDKROOT = iphoneos;
				TARGETED_DEVICE_FAMILY = "1,2";
				VALIDATE_PRODUCT = YES;
			};
			name = Debug;
		};
		29AEE452140036AE00730510 /* Release */ = {
			isa = XCBuildConfiguration;
			buildSettings = {
				ALWAYS_SEARCH_USER_PATHS = YES;
				ARCHS = "$(ARCHS_STANDARD_32_BIT)";
				CLANG_ENABLE_OBJC_ARC = YES;
				CODE_SIGN_IDENTITY = "iPhone Developer";
				"CODE_SIGN_IDENTITY[sdk=iphoneos*]" = "iPhone Developer";
				COPY_PHASE_STRIP = YES;
				GCC_C_LANGUAGE_STANDARD = gnu99;
				GCC_PRECOMPILE_PREFIX_HEADER = YES;
				GCC_VERSION = com.apple.compilers.llvm.clang.1_0;
				GCC_WARN_ABOUT_MISSING_PROTOTYPES = YES;
				GCC_WARN_ABOUT_RETURN_TYPE = YES;
				GCC_WARN_UNUSED_VARIABLE = YES;
				HEADER_SEARCH_PATHS = (
					"$(BUILT_PRODUCTS_DIR)/../three20",
					"$(BUILT_PRODUCTS_DIR)/../../three20",
					three20/Build/Products/three20,
				);
				IPHONEOS_DEPLOYMENT_TARGET = 5.0;
				OTHER_CFLAGS = "-DNS_BLOCK_ASSERTIONS=1";
				OTHER_LDFLAGS = "-ObjC";
				PROVISIONING_PROFILE = "";
				SDKROOT = iphoneos;
				TARGETED_DEVICE_FAMILY = "1,2";
				VALIDATE_PRODUCT = YES;
			};
			name = Release;
		};
		29AEE454140036AE00730510 /* Debug */ = {
			isa = XCBuildConfiguration;
			buildSettings = {
				GCC_PRECOMPILE_PREFIX_HEADER = YES;
				GCC_PREFIX_HEADER = "FetLife/FetLife-Prefix.pch";
				GCC_VERSION = "";
				HEADER_SEARCH_PATHS = (
					"\"$(BUILT_PRODUCTS_DIR)/../../Headers\"",
					"${SDK_DIR}/usr/include/libxml2",
					"\"$(BUILT_PRODUCTS_DIR)/../three20\"",
					"\"$(BUILT_PRODUCTS_DIR)/../../three20\"",
				);
				INFOPLIST_FILE = "FetLife/FetLife-Info.plist";
				IPHONEOS_DEPLOYMENT_TARGET = 5.0;
				OTHER_LDFLAGS = (
					"-ObjC",
					"-all_load",
				);
				PRODUCT_NAME = "$(TARGET_NAME)";
				WRAPPER_EXTENSION = app;
			};
			name = Debug;
		};
		29AEE455140036AE00730510 /* Release */ = {
			isa = XCBuildConfiguration;
			buildSettings = {
				GCC_PRECOMPILE_PREFIX_HEADER = YES;
				GCC_PREFIX_HEADER = "FetLife/FetLife-Prefix.pch";
				GCC_VERSION = "";
				HEADER_SEARCH_PATHS = (
					"\"$(BUILT_PRODUCTS_DIR)/../../Headers\"",
					"${SDK_DIR}/usr/include/libxml2",
					"\"$(BUILT_PRODUCTS_DIR)/../three20\"",
					"\"$(BUILT_PRODUCTS_DIR)/../../three20\"",
				);
				INFOPLIST_FILE = "FetLife/FetLife-Info.plist";
				IPHONEOS_DEPLOYMENT_TARGET = 5.0;
				OTHER_LDFLAGS = (
					"-ObjC",
					"-all_load",
				);
				PRODUCT_NAME = "$(TARGET_NAME)";
				WRAPPER_EXTENSION = app;
			};
			name = Release;
		};
/* End XCBuildConfiguration section */

/* Begin XCConfigurationList section */
		29AEE420140036AD00730510 /* Build configuration list for PBXProject "FetLife" */ = {
			isa = XCConfigurationList;
			buildConfigurations = (
				29AEE451140036AE00730510 /* Debug */,
				29AEE452140036AE00730510 /* Release */,
			);
			defaultConfigurationIsVisible = 0;
			defaultConfigurationName = Release;
		};
		29AEE453140036AE00730510 /* Build configuration list for PBXNativeTarget "FetLife" */ = {
			isa = XCConfigurationList;
			buildConfigurations = (
				29AEE454140036AE00730510 /* Debug */,
				29AEE455140036AE00730510 /* Release */,
			);
			defaultConfigurationIsVisible = 0;
			defaultConfigurationName = Release;
		};
/* End XCConfigurationList section */

/* Begin XCVersionGroup section */
		29AEE43C140036AE00730510 /* FetLife.xcdatamodeld */ = {
			isa = XCVersionGroup;
			children = (
				29AEE43D140036AE00730510 /* FetLife.xcdatamodel */,
			);
			currentVersion = 29AEE43D140036AE00730510 /* FetLife.xcdatamodel */;
			path = FetLife.xcdatamodeld;
			sourceTree = "<group>";
			versionGroupType = wrapper.xcdatamodel;
		};
/* End XCVersionGroup section */
	};
	rootObject = 29AEE41D140036AD00730510 /* Project object */;
}
